// !$*UTF8*$!
{
	archiveVersion = 1;
	classes = {
	};
	objectVersion = 54;
	objects = {

/* Begin PBXBuildFile section */
		5A582E031B52EA11007F6FD5 /* dummy.c in Sources */ = {isa = PBXBuildFile; fileRef = 5A582E021B52EA11007F6FD5 /* dummy.c */; };
/* End PBXBuildFile section */

/* Begin PBXContainerItemProxy section */
		5AB114FF1B52B12300A3C73A /* PBXContainerItemProxy */ = {
			isa = PBXContainerItemProxy;
			containerPortal = 08FB7793FE84155DC02AAC07 /* Project object */;
			proxyType = 1;
			remoteGlobalIDString = 5AB114FB1B52B11A00A3C73A;
			remoteInfo = download;
		};
/* End PBXContainerItemProxy section */

/* Begin PBXFileReference section */
		5A27B9E5139B08640095FC2F /* release.xcconfig */ = {isa = PBXFileReference; fileEncoding = 4; lastKnownFileType = text.xcconfig; name = release.xcconfig; path = ../imageoptim/release.xcconfig; sourceTree = SOURCE_ROOT; };
		5A27B9E6139B08640095FC2F /* debug.xcconfig */ = {isa = PBXFileReference; fileEncoding = 4; lastKnownFileType = text.xcconfig; name = debug.xcconfig; path = ../imageoptim/debug.xcconfig; sourceTree = SOURCE_ROOT; };
		5A582E021B52EA11007F6FD5 /* dummy.c */ = {isa = PBXFileReference; fileEncoding = 4; lastKnownFileType = sourcecode.c.c; path = dummy.c; sourceTree = "<group>"; };
		D2AAC0630554660B00DB518D /* libimageoptimjpeg.dylib */ = {isa = PBXFileReference; explicitFileType = "compiled.mach-o.dylib"; includeInIndex = 0; path = libimageoptimjpeg.dylib; sourceTree = BUILT_PRODUCTS_DIR; };
/* End PBXFileReference section */

/* Begin PBXFrameworksBuildPhase section */
		D289988505E68E00004EDB86 /* Frameworks */ = {
			isa = PBXFrameworksBuildPhase;
			buildActionMask = 2147483647;
			files = (
			);
			runOnlyForDeploymentPostprocessing = 0;
		};
/* End PBXFrameworksBuildPhase section */

/* Begin PBXGroup section */
		08FB7794FE84155DC02AAC07 /* jpeg */ = {
			isa = PBXGroup;
			children = (
				5A582E021B52EA11007F6FD5 /* dummy.c */,
				5A27B9E5139B08640095FC2F /* release.xcconfig */,
				5A27B9E6139B08640095FC2F /* debug.xcconfig */,
				1AB674ADFE9D54B511CA2CBB /* Products */,
			);
			name = jpeg;
			sourceTree = "<group>";
		};
		1AB674ADFE9D54B511CA2CBB /* Products */ = {
			isa = PBXGroup;
			children = (
				D2AAC0630554660B00DB518D /* libimageoptimjpeg.dylib */,
			);
			name = Products;
			sourceTree = "<group>";
		};
/* End PBXGroup section */

/* Begin PBXHeadersBuildPhase section */
		D2AAC0600554660B00DB518D /* Headers */ = {
			isa = PBXHeadersBuildPhase;
			buildActionMask = 2147483647;
			files = (
			);
			runOnlyForDeploymentPostprocessing = 0;
		};
/* End PBXHeadersBuildPhase section */

/* Begin PBXLegacyTarget section */
		5AB114FB1B52B11A00A3C73A /* download */ = {
			isa = PBXLegacyTarget;
			buildArgumentsString = "$(ACTION)";
			buildConfigurationList = 5AB114FE1B52B11A00A3C73A /* Build configuration list for PBXLegacyTarget "download" */;
			buildPhases = (
			);
			buildToolPath = /usr/bin/make;
			dependencies = (
			);
			name = download;
			passBuildSettingsInEnvironment = 1;
			productName = download;
		};
/* End PBXLegacyTarget section */

/* Begin PBXNativeTarget section */
		D2AAC0620554660B00DB518D /* jpeg */ = {
			isa = PBXNativeTarget;
			buildConfigurationList = 1DEB914A08733D8E0010E9CD /* Build configuration list for PBXNativeTarget "jpeg" */;
			buildPhases = (
				AA000001000000000000C001 /* Build Jpegli */,
				D2AAC0600554660B00DB518D /* Headers */,
				D2AAC0610554660B00DB518D /* Sources */,
				D289988505E68E00004EDB86 /* Frameworks */,
			);
			buildRules = (
			);
			dependencies = (
				5AB115001B52B12300A3C73A /* PBXTargetDependency */,
			);
			name = jpeg;
			productName = jpeg;
			productReference = D2AAC0630554660B00DB518D /* libimageoptimjpeg.dylib */;
			productType = "com.apple.product-type.library.dynamic";
		};
/* End PBXNativeTarget section */

/* Begin PBXProject section */
		08FB7793FE84155DC02AAC07 /* Project object */ = {
			isa = PBXProject;
			attributes = {
				BuildIndependentTargetsInParallel = YES;
				LastUpgradeCheck = 1510;
				TargetAttributes = {
					5AB114FB1B52B11A00A3C73A = {
						CreatedOnToolsVersion = 7.0;
					};
				};
			};
			buildConfigurationList = 1DEB914E08733D8E0010E9CD /* Build configuration list for PBXProject "jpeg" */;
			compatibilityVersion = "Xcode 12.0";
			developmentRegion = English;
			hasScannedForEncodings = 1;
			mainGroup = 08FB7794FE84155DC02AAC07 /* jpeg */;
			projectDirPath = "";
			projectRoot = "";
			targets = (
				D2AAC0620554660B00DB518D /* jpeg */,
				5AB114FB1B52B11A00A3C73A /* download */,
			);
		};
/* End PBXProject section */

/* Begin PBXShellScriptBuildPhase section */
		AA000001000000000000C001 /* Build Jpegli */ = {
			isa = PBXShellScriptBuildPhase;
			alwaysOutOfDate = 1;
			buildActionMask = 2147483647;
			files = (
			);
			inputPaths = (
				"$(SRCROOT)/build-jpegli.sh",
				"$(SRCROOT)/src/lib/jpegli.cmake",
			);
			name = "Build Jpegli";
			outputPaths = (
				"$(SRCROOT)/build/lib/libjpegli-static.a",
				"$(SRCROOT)/build/lib/libhwy.a",
			);
			runOnlyForDeploymentPostprocessing = 0;
			shellPath = /bin/bash;
			shellScript = "\"${SRCROOT}/build-jpegli.sh\"\n";
			showEnvVarsInLog = 0;
		};
/* End PBXShellScriptBuildPhase section */

/* Begin PBXSourcesBuildPhase section */
		D2AAC0610554660B00DB518D /* Sources */ = {
			isa = PBXSourcesBuildPhase;
			buildActionMask = 2147483647;
			files = (
				5A582E031B52EA11007F6FD5 /* dummy.c in Sources */,
			);
			runOnlyForDeploymentPostprocessing = 0;
		};
/* End PBXSourcesBuildPhase section */

/* Begin PBXTargetDependency section */
		5AB115001B52B12300A3C73A /* PBXTargetDependency */ = {
			isa = PBXTargetDependency;
			target = 5AB114FB1B52B11A00A3C73A /* download */;
			targetProxy = 5AB114FF1B52B12300A3C73A /* PBXContainerItemProxy */;
		};
/* End PBXTargetDependency section */

/* Begin XCBuildConfiguration section */
		1DEB914B08733D8E0010E9CD /* Debug */ = {
			isa = XCBuildConfiguration;
			buildSettings = {
				EXECUTABLE_PREFIX = lib;
				OTHER_LDFLAGS = (
					"-force_load",
					"$(SRCROOT)/build/lib/libjpegli-static.a",
					"-force_load",
					"$(SRCROOT)/build/lib/libhwy.a",
					"-lc++",
				);
				PRODUCT_NAME = imageoptimjpeg;
			};
			name = Debug;
		};
		1DEB914C08733D8E0010E9CD /* Release */ = {
			isa = XCBuildConfiguration;
			buildSettings = {
				EXECUTABLE_PREFIX = lib;
				OTHER_LDFLAGS = (
					"-force_load",
					"$(SRCROOT)/build/lib/libjpegli-static.a",
					"-force_load",
					"$(SRCROOT)/build/lib/libhwy.a",
					"-lc++",
				);
				PRODUCT_NAME = imageoptimjpeg;
			};
			name = Release;
		};
		1DEB914F08733D8E0010E9CD /* Debug */ = {
			isa = XCBuildConfiguration;
			baseConfigurationReference = 5A27B9E6139B08640095FC2F /* debug.xcconfig */;
			buildSettings = {
				ENABLE_TESTABILITY = YES;
				LD_DYLIB_INSTALL_NAME = "@loader_path/libimageoptimjpeg.dylib";
				ONLY_ACTIVE_ARCH = YES;
				SKIP_INSTALL = YES;
				USER_HEADER_SEARCH_PATHS = (
					"$(SRCROOT)/build/include",
					"$(SRCROOT)",
				);
			};
			name = Debug;
		};
		1DEB915008733D8E0010E9CD /* Release */ = {
			isa = XCBuildConfiguration;
			baseConfigurationReference = 5A27B9E5139B08640095FC2F /* release.xcconfig */;
			buildSettings = {
				LD_DYLIB_INSTALL_NAME = "@loader_path/libimageoptimjpeg.dylib";
				SKIP_INSTALL = YES;
				USER_HEADER_SEARCH_PATHS = (
					"$(SRCROOT)/build/include",
					"$(SRCROOT)",
				);
			};
			name = Release;
		};
		5AB114FC1B52B11A00A3C73A /* Debug */ = {
			isa = XCBuildConfiguration;
			buildSettings = {
			};
			name = Debug;
		};
		5AB114FD1B52B11A00A3C73A /* Release */ = {
			isa = XCBuildConfiguration;
			buildSettings = {
			};
			name = Release;
		};
/* End XCBuildConfiguration section */

/* Begin XCConfigurationList section */
		1DEB914A08733D8E0010E9CD /* Build configuration list for PBXNativeTarget "jpeg" */ = {
			isa = XCConfigurationList;
			buildConfigurations = (
				1DEB914B08733D8E0010E9CD /* Debug */,
				1DEB914C08733D8E0010E9CD /* Release */,
			);
			defaultConfigurationIsVisible = 0;
			defaultConfigurationName = Release;
		};
		1DEB914E08733D8E0010E9CD /* Build configuration list for PBXProject "jpeg" */ = {
			isa = XCConfigurationList;
			buildConfigurations = (
				1DEB914F08733D8E0010E9CD /* Debug */,
				1DEB915008733D8E0010E9CD /* Release */,
			);
			defaultConfigurationIsVisible = 0;
			defaultConfigurationName = Release;
		};
		5AB114FE1B52B11A00A3C73A /* Build configuration list for PBXLegacyTarget "download" */ = {
			isa = XCConfigurationList;
			buildConfigurations = (
				5AB114FC1B52B11A00A3C73A /* Debug */,
				5AB114FD1B52B11A00A3C73A /* Release */,
			);
			defaultConfigurationIsVisible = 0;
			defaultConfigurationName = Release;
		};
/* End XCConfigurationList section */
	};
	rootObject = 08FB7793FE84155DC02AAC07 /* Project object */;
}
