// !$*UTF8*$!
{
	archiveVersion = 1;
	classes = {
	};
	objectVersion = 46;
	objects = {

/* Begin PBXBuildFile section */
		D047E4F31E7D86AD0036F96B /* butteraugli_comparator.cc in Sources */ = {isa = PBXBuildFile; fileRef = D047E4871E7D7F070036F96B /* butteraugli_comparator.cc */; };
		D047E4F71E7D86AD0036F96B /* dct_double.cc in Sources */ = {isa = PBXBuildFile; fileRef = D047E48B1E7D7F070036F96B /* dct_double.cc */; };
		D047E4F91E7D86AD0036F96B /* debug_print.cc in Sources */ = {isa = PBXBuildFile; fileRef = D047E48D1E7D7F070036F96B /* debug_print.cc */; };
		D047E4FB1E7D86AD0036F96B /* entropy_encode.cc in Sources */ = {isa = PBXBuildFile; fileRef = D047E48F1E7D7F070036F96B /* entropy_encode.cc */; };
		D047E4FE1E7D86AD0036F96B /* fdct.cc in Sources */ = {isa = PBXBuildFile; fileRef = D047E4921E7D7F070036F96B /* fdct.cc */; };
		D047E5001E7D86AD0036F96B /* gamma_correct.cc in Sources */ = {isa = PBXBuildFile; fileRef = D047E4941E7D7F070036F96B /* gamma_correct.cc */; };
		D047E5021E7D86AD0036F96B /* guetzli.cc in Sources */ = {isa = PBXBuildFile; fileRef = D047E4961E7D7F070036F96B /* guetzli.cc */; };
		D047E5031E7D86AD0036F96B /* idct.cc in Sources */ = {isa = PBXBuildFile; fileRef = D047E4971E7D7F070036F96B /* idct.cc */; };
		D047E5061E7D86AD0036F96B /* jpeg_data_decoder.cc in Sources */ = {isa = PBXBuildFile; fileRef = D047E49A1E7D7F070036F96B /* jpeg_data_decoder.cc */; };
		D047E5081E7D86AD0036F96B /* jpeg_data_encoder.cc in Sources */ = {isa = PBXBuildFile; fileRef = D047E49C1E7D7F070036F96B /* jpeg_data_encoder.cc */; };
		D047E50A1E7D86AD0036F96B /* jpeg_data_reader.cc in Sources */ = {isa = PBXBuildFile; fileRef = D047E49E1E7D7F070036F96B /* jpeg_data_reader.cc */; };
		D047E50C1E7D86AD0036F96B /* jpeg_data_writer.cc in Sources */ = {isa = PBXBuildFile; fileRef = D047E4A01E7D7F070036F96B /* jpeg_data_writer.cc */; };
		D047E50E1E7D86AD0036F96B /* jpeg_data.cc in Sources */ = {isa = PBXBuildFile; fileRef = D047E4A21E7D7F070036F96B /* jpeg_data.cc */; };
		D047E5111E7D86AD0036F96B /* jpeg_huffman_decode.cc in Sources */ = {isa = PBXBuildFile; fileRef = D047E4A51E7D7F070036F96B /* jpeg_huffman_decode.cc */; };
		D047E5141E7D86AD0036F96B /* output_image.cc in Sources */ = {isa = PBXBuildFile; fileRef = D047E4A91E7D7F070036F96B /* output_image.cc */; };
		D047E5161E7D86AD0036F96B /* preprocess_downsample.cc in Sources */ = {isa = PBXBuildFile; fileRef = D047E4AB1E7D7F070036F96B /* preprocess_downsample.cc */; };
		D047E5181E7D86AD0036F96B /* processor.cc in Sources */ = {isa = PBXBuildFile; fileRef = D047E4AD1E7D7F070036F96B /* processor.cc */; };
		D047E51A1E7D86AD0036F96B /* quality.cc in Sources */ = {isa = PBXBuildFile; fileRef = D047E4AF1E7D7F070036F96B /* quality.cc */; };
		D047E51C1E7D86AD0036F96B /* quantize.cc in Sources */ = {isa = PBXBuildFile; fileRef = D047E4B11E7D7F070036F96B /* quantize.cc */; };
		D047E51E1E7D86AD0036F96B /* score.cc in Sources */ = {isa = PBXBuildFile; fileRef = D047E4B31E7D7F070036F96B /* score.cc */; };
		D047E5231E7D87670036F96B /* liblibpng.dylib in Frameworks */ = {isa = PBXBuildFile; fileRef = D047E5221E7D87670036F96B /* liblibpng.dylib */; };
		D047E5291E7D8A050036F96B /* butteraugli.cc in Sources */ = {isa = PBXBuildFile; fileRef = D047E5251E7D89D50036F96B /* butteraugli.cc */; };
		D047E52B1E7D8BFD0036F96B /* libimageoptimjpeg.dylib in Frameworks */ = {isa = PBXBuildFile; fileRef = D047E52A1E7D8BFD0036F96B /* libimageoptimjpeg.dylib */; };
/* End PBXBuildFile section */

/* Begin PBXContainerItemProxy section */
		5AB6A9051E966617009BDBC3 /* PBXContainerItemProxy */ = {
			isa = PBXContainerItemProxy;
			containerPortal = 5AB6A8FE1E966617009BDBC3 /* libpng.xcodeproj */;
			proxyType = 2;
			remoteGlobalIDString = D2AAC0630554660B00DB518D;
			remoteInfo = libpng;
		};
		5AB6A9071E966617009BDBC3 /* PBXContainerItemProxy */ = {
			isa = PBXContainerItemProxy;
			containerPortal = 5AB6A8FE1E966617009BDBC3 /* libpng.xcodeproj */;
			proxyType = 2;
			remoteGlobalIDString = 5AC2B4D613394EDA00376783;
			remoteInfo = static;
		};
		5AB6A9091E96661C009BDBC3 /* PBXContainerItemProxy */ = {
			isa = PBXContainerItemProxy;
			containerPortal = 5AB6A8FE1E966617009BDBC3 /* libpng.xcodeproj */;
			proxyType = 1;
			remoteGlobalIDString = D2AAC0620554660B00DB518D;
			remoteInfo = libpng;
		};
		D047E4EF1E7D86970036F96B /* PBXContainerItemProxy */ = {
			isa = PBXContainerItemProxy;
			containerPortal = D047E46A1E7D7DF00036F96B /* Project object */;
			proxyType = 1;
			remoteGlobalIDString = D047E4CE1E7D81720036F96B;
			remoteInfo = download;
		};
/* End PBXContainerItemProxy section */

/* Begin PBXCopyFilesBuildPhase section */
		D047E4E61E7D868D0036F96B /* CopyFiles */ = {
			isa = PBXCopyFilesBuildPhase;
			buildActionMask = 2147483647;
			dstPath = /usr/share/man/man1/;
			dstSubfolderSpec = 0;
			files = (
			);
			runOnlyForDeploymentPostprocessing = 1;
		};
/* End PBXCopyFilesBuildPhase section */

/* Begin PBXFileReference section */
		5A86E6131E8133B900C54C09 /* debug.xcconfig */ = {isa = PBXFileReference; fileEncoding = 4; lastKnownFileType = text.xcconfig; name = debug.xcconfig; path = ../imageoptim/debug.xcconfig; sourceTree = "<group>"; };
		5A86E6141E8133B900C54C09 /* release.xcconfig */ = {isa = PBXFileReference; fileEncoding = 4; lastKnownFileType = text.xcconfig; name = release.xcconfig; path = ../imageoptim/release.xcconfig; sourceTree = "<group>"; };
		5AB6A8FE1E966617009BDBC3 /* libpng.xcodeproj */ = {isa = PBXFileReference; lastKnownFileType = "wrapper.pb-project"; name = libpng.xcodeproj; path = ../libpng/libpng.xcodeproj; sourceTree = "<group>"; };
		D047E4871E7D7F070036F96B /* butteraugli_comparator.cc */ = {isa = PBXFileReference; fileEncoding = 4; lastKnownFileType = sourcecode.cpp.cpp; name = butteraugli_comparator.cc; path = guetzli/butteraugli_comparator.cc; sourceTree = "<group>"; };
		D047E4881E7D7F070036F96B /* butteraugli_comparator.h */ = {isa = PBXFileReference; fileEncoding = 4; lastKnownFileType = sourcecode.c.h; name = butteraugli_comparator.h; path = guetzli/butteraugli_comparator.h; sourceTree = "<group>"; };
		D047E4891E7D7F070036F96B /* color_transform.h */ = {isa = PBXFileReference; fileEncoding = 4; lastKnownFileType = sourcecode.c.h; name = color_transform.h; path = guetzli/color_transform.h; sourceTree = "<group>"; };
		D047E48A1E7D7F070036F96B /* comparator.h */ = {isa = PBXFileReference; fileEncoding = 4; lastKnownFileType = sourcecode.c.h; name = comparator.h; path = guetzli/comparator.h; sourceTree = "<group>"; };
		D047E48B1E7D7F070036F96B /* dct_double.cc */ = {isa = PBXFileReference; fileEncoding = 4; lastKnownFileType = sourcecode.cpp.cpp; name = dct_double.cc; path = guetzli/dct_double.cc; sourceTree = "<group>"; };
		D047E48C1E7D7F070036F96B /* dct_double.h */ = {isa = PBXFileReference; fileEncoding = 4; lastKnownFileType = sourcecode.c.h; name = dct_double.h; path = guetzli/dct_double.h; sourceTree = "<group>"; };
		D047E48D1E7D7F070036F96B /* debug_print.cc */ = {isa = PBXFileReference; fileEncoding = 4; lastKnownFileType = sourcecode.cpp.cpp; name = debug_print.cc; path = guetzli/debug_print.cc; sourceTree = "<group>"; };
		D047E48E1E7D7F070036F96B /* debug_print.h */ = {isa = PBXFileReference; fileEncoding = 4; lastKnownFileType = sourcecode.c.h; name = debug_print.h; path = guetzli/debug_print.h; sourceTree = "<group>"; };
		D047E48F1E7D7F070036F96B /* entropy_encode.cc */ = {isa = PBXFileReference; fileEncoding = 4; lastKnownFileType = sourcecode.cpp.cpp; name = entropy_encode.cc; path = guetzli/entropy_encode.cc; sourceTree = "<group>"; };
		D047E4901E7D7F070036F96B /* entropy_encode.h */ = {isa = PBXFileReference; fileEncoding = 4; lastKnownFileType = sourcecode.c.h; name = entropy_encode.h; path = guetzli/entropy_encode.h; sourceTree = "<group>"; };
		D047E4911E7D7F070036F96B /* fast_log.h */ = {isa = PBXFileReference; fileEncoding = 4; lastKnownFileType = sourcecode.c.h; name = fast_log.h; path = guetzli/fast_log.h; sourceTree = "<group>"; };
		D047E4921E7D7F070036F96B /* fdct.cc */ = {isa = PBXFileReference; fileEncoding = 4; lastKnownFileType = sourcecode.cpp.cpp; name = fdct.cc; path = guetzli/fdct.cc; sourceTree = "<group>"; };
		D047E4931E7D7F070036F96B /* fdct.h */ = {isa = PBXFileReference; fileEncoding = 4; lastKnownFileType = sourcecode.c.h; name = fdct.h; path = guetzli/fdct.h; sourceTree = "<group>"; };
		D047E4941E7D7F070036F96B /* gamma_correct.cc */ = {isa = PBXFileReference; fileEncoding = 4; lastKnownFileType = sourcecode.cpp.cpp; name = gamma_correct.cc; path = guetzli/gamma_correct.cc; sourceTree = "<group>"; };
		D047E4951E7D7F070036F96B /* gamma_correct.h */ = {isa = PBXFileReference; fileEncoding = 4; lastKnownFileType = sourcecode.c.h; name = gamma_correct.h; path = guetzli/gamma_correct.h; sourceTree = "<group>"; };
		D047E4961E7D7F070036F96B /* guetzli.cc */ = {isa = PBXFileReference; fileEncoding = 4; lastKnownFileType = sourcecode.cpp.cpp; name = guetzli.cc; path = guetzli/guetzli.cc; sourceTree = "<group>"; };
		D047E4971E7D7F070036F96B /* idct.cc */ = {isa = PBXFileReference; fileEncoding = 4; lastKnownFileType = sourcecode.cpp.cpp; name = idct.cc; path = guetzli/idct.cc; sourceTree = "<group>"; };
		D047E4981E7D7F070036F96B /* idct.h */ = {isa = PBXFileReference; fileEncoding = 4; lastKnownFileType = sourcecode.c.h; name = idct.h; path = guetzli/idct.h; sourceTree = "<group>"; };
		D047E4991E7D7F070036F96B /* jpeg_bit_writer.h */ = {isa = PBXFileReference; fileEncoding = 4; lastKnownFileType = sourcecode.c.h; name = jpeg_bit_writer.h; path = guetzli/jpeg_bit_writer.h; sourceTree = "<group>"; };
		D047E49A1E7D7F070036F96B /* jpeg_data_decoder.cc */ = {isa = PBXFileReference; fileEncoding = 4; lastKnownFileType = sourcecode.cpp.cpp; name = jpeg_data_decoder.cc; path = guetzli/jpeg_data_decoder.cc; sourceTree = "<group>"; };
		D047E49B1E7D7F070036F96B /* jpeg_data_decoder.h */ = {isa = PBXFileReference; fileEncoding = 4; lastKnownFileType = sourcecode.c.h; name = jpeg_data_decoder.h; path = guetzli/jpeg_data_decoder.h; sourceTree = "<group>"; };
		D047E49C1E7D7F070036F96B /* jpeg_data_encoder.cc */ = {isa = PBXFileReference; fileEncoding = 4; lastKnownFileType = sourcecode.cpp.cpp; name = jpeg_data_encoder.cc; path = guetzli/jpeg_data_encoder.cc; sourceTree = "<group>"; };
		D047E49D1E7D7F070036F96B /* jpeg_data_encoder.h */ = {isa = PBXFileReference; fileEncoding = 4; lastKnownFileType = sourcecode.c.h; name = jpeg_data_encoder.h; path = guetzli/jpeg_data_encoder.h; sourceTree = "<group>"; };
		D047E49E1E7D7F070036F96B /* jpeg_data_reader.cc */ = {isa = PBXFileReference; fileEncoding = 4; lastKnownFileType = sourcecode.cpp.cpp; name = jpeg_data_reader.cc; path = guetzli/jpeg_data_reader.cc; sourceTree = "<group>"; };
		D047E49F1E7D7F070036F96B /* jpeg_data_reader.h */ = {isa = PBXFileReference; fileEncoding = 4; lastKnownFileType = sourcecode.c.h; name = jpeg_data_reader.h; path = guetzli/jpeg_data_reader.h; sourceTree = "<group>"; };
		D047E4A01E7D7F070036F96B /* jpeg_data_writer.cc */ = {isa = PBXFileReference; fileEncoding = 4; lastKnownFileType = sourcecode.cpp.cpp; name = jpeg_data_writer.cc; path = guetzli/jpeg_data_writer.cc; sourceTree = "<group>"; };
		D047E4A11E7D7F070036F96B /* jpeg_data_writer.h */ = {isa = PBXFileReference; fileEncoding = 4; lastKnownFileType = sourcecode.c.h; name = jpeg_data_writer.h; path = guetzli/jpeg_data_writer.h; sourceTree = "<group>"; };
		D047E4A21E7D7F070036F96B /* jpeg_data.cc */ = {isa = PBXFileReference; fileEncoding = 4; lastKnownFileType = sourcecode.cpp.cpp; name = jpeg_data.cc; path = guetzli/jpeg_data.cc; sourceTree = "<group>"; };
		D047E4A31E7D7F070036F96B /* jpeg_data.h */ = {isa = PBXFileReference; fileEncoding = 4; lastKnownFileType = sourcecode.c.h; name = jpeg_data.h; path = guetzli/jpeg_data.h; sourceTree = "<group>"; };
		D047E4A41E7D7F070036F96B /* jpeg_error.h */ = {isa = PBXFileReference; fileEncoding = 4; lastKnownFileType = sourcecode.c.h; name = jpeg_error.h; path = guetzli/jpeg_error.h; sourceTree = "<group>"; };
		D047E4A51E7D7F070036F96B /* jpeg_huffman_decode.cc */ = {isa = PBXFileReference; fileEncoding = 4; lastKnownFileType = sourcecode.cpp.cpp; name = jpeg_huffman_decode.cc; path = guetzli/jpeg_huffman_decode.cc; sourceTree = "<group>"; };
		D047E4A61E7D7F070036F96B /* jpeg_huffman_decode.h */ = {isa = PBXFileReference; fileEncoding = 4; lastKnownFileType = sourcecode.c.h; name = jpeg_huffman_decode.h; path = guetzli/jpeg_huffman_decode.h; sourceTree = "<group>"; };
		D047E4A81E7D7F070036F96B /* order.inc */ = {isa = PBXFileReference; fileEncoding = 4; lastKnownFileType = sourcecode.pascal; name = order.inc; path = guetzli/order.inc; sourceTree = "<group>"; };
		D047E4A91E7D7F070036F96B /* output_image.cc */ = {isa = PBXFileReference; fileEncoding = 4; lastKnownFileType = sourcecode.cpp.cpp; name = output_image.cc; path = guetzli/output_image.cc; sourceTree = "<group>"; };
		D047E4AA1E7D7F070036F96B /* output_image.h */ = {isa = PBXFileReference; fileEncoding = 4; lastKnownFileType = sourcecode.c.h; name = output_image.h; path = guetzli/output_image.h; sourceTree = "<group>"; };
		D047E4AB1E7D7F070036F96B /* preprocess_downsample.cc */ = {isa = PBXFileReference; fileEncoding = 4; lastKnownFileType = sourcecode.cpp.cpp; name = preprocess_downsample.cc; path = guetzli/preprocess_downsample.cc; sourceTree = "<group>"; };
		D047E4AC1E7D7F070036F96B /* preprocess_downsample.h */ = {isa = PBXFileReference; fileEncoding = 4; lastKnownFileType = sourcecode.c.h; name = preprocess_downsample.h; path = guetzli/preprocess_downsample.h; sourceTree = "<group>"; };
		D047E4AD1E7D7F070036F96B /* processor.cc */ = {isa = PBXFileReference; fileEncoding = 4; lastKnownFileType = sourcecode.cpp.cpp; name = processor.cc; path = guetzli/processor.cc; sourceTree = "<group>"; };
		D047E4AE1E7D7F070036F96B /* processor.h */ = {isa = PBXFileReference; fileEncoding = 4; lastKnownFileType = sourcecode.c.h; name = processor.h; path = guetzli/processor.h; sourceTree = "<group>"; };
		D047E4AF1E7D7F070036F96B /* quality.cc */ = {isa = PBXFileReference; fileEncoding = 4; lastKnownFileType = sourcecode.cpp.cpp; name = quality.cc; path = guetzli/quality.cc; sourceTree = "<group>"; };
		D047E4B01E7D7F070036F96B /* quality.h */ = {isa = PBXFileReference; fileEncoding = 4; lastKnownFileType = sourcecode.c.h; name = quality.h; path = guetzli/quality.h; sourceTree = "<group>"; };
		D047E4B11E7D7F070036F96B /* quantize.cc */ = {isa = PBXFileReference; fileEncoding = 4; lastKnownFileType = sourcecode.cpp.cpp; name = quantize.cc; path = guetzli/quantize.cc; sourceTree = "<group>"; };
		D047E4B21E7D7F070036F96B /* quantize.h */ = {isa = PBXFileReference; fileEncoding = 4; lastKnownFileType = sourcecode.c.h; name = quantize.h; path = guetzli/quantize.h; sourceTree = "<group>"; };
		D047E4B31E7D7F070036F96B /* score.cc */ = {isa = PBXFileReference; fileEncoding = 4; lastKnownFileType = sourcecode.cpp.cpp; name = score.cc; path = guetzli/score.cc; sourceTree = "<group>"; };
		D047E4B41E7D7F070036F96B /* score.h */ = {isa = PBXFileReference; fileEncoding = 4; lastKnownFileType = sourcecode.c.h; name = score.h; path = guetzli/score.h; sourceTree = "<group>"; };
		D047E4B51E7D7F070036F96B /* stats.h */ = {isa = PBXFileReference; fileEncoding = 4; lastKnownFileType = sourcecode.c.h; name = stats.h; path = guetzli/stats.h; sourceTree = "<group>"; };
		D047E4E81E7D868D0036F96B /* guetzli */ = {isa = PBXFileReference; explicitFileType = "compiled.mach-o.executable"; includeInIndex = 0; path = guetzli; sourceTree = BUILT_PRODUCTS_DIR; };
		D047E5221E7D87670036F96B /* liblibpng.dylib */ = {isa = PBXFileReference; lastKnownFileType = "compiled.mach-o.dylib"; name = liblibpng.dylib; path = "../../../Library/Developer/Xcode/DerivedData/ImageOptim-cmhdqovjmikzhafpeansxwkmezkf/Build/Products/Debug/liblibpng.dylib"; sourceTree = "<group>"; };
		D047E5241E7D89D50036F96B /* butteraugli_main.cc */ = {isa = PBXFileReference; fileEncoding = 4; lastKnownFileType = sourcecode.cpp.cpp; name = butteraugli_main.cc; path = guetzli/third_party/butteraugli/butteraugli/butteraugli_main.cc; sourceTree = "<group>"; };
		D047E5251E7D89D50036F96B /* butteraugli.cc */ = {isa = PBXFileReference; fileEncoding = 4; lastKnownFileType = sourcecode.cpp.cpp; name = butteraugli.cc; path = guetzli/third_party/butteraugli/butteraugli/butteraugli.cc; sourceTree = "<group>"; };
		D047E5261E7D89D50036F96B /* butteraugli.h */ = {isa = PBXFileReference; fileEncoding = 4; lastKnownFileType = sourcecode.c.h; name = butteraugli.h; path = guetzli/third_party/butteraugli/butteraugli/butteraugli.h; sourceTree = "<group>"; };
		D047E52A1E7D8BFD0036F96B /* libimageoptimjpeg.dylib */ = {isa = PBXFileReference; lastKnownFileType = "compiled.mach-o.dylib"; name = libimageoptimjpeg.dylib; path = "../../../Library/Developer/Xcode/DerivedData/ImageOptim-cmhdqovjmikzhafpeansxwkmezkf/Build/Products/Debug/libimageoptimjpeg.dylib"; sourceTree = "<group>"; };
/* End PBXFileReference section */

/* Begin PBXFrameworksBuildPhase section */
		D047E4E51E7D868D0036F96B /* Frameworks */ = {
			isa = PBXFrameworksBuildPhase;
			buildActionMask = 2147483647;
			files = (
				D047E52B1E7D8BFD0036F96B /* libimageoptimjpeg.dylib in Frameworks */,
				D047E5231E7D87670036F96B /* liblibpng.dylib in Frameworks */,
			);
			runOnlyForDeploymentPostprocessing = 0;
		};
/* End PBXFrameworksBuildPhase section */

/* Begin PBXGroup section */
		5AB6A8FF1E966617009BDBC3 /* Products */ = {
			isa = PBXGroup;
			children = (
				5AB6A9061E966617009BDBC3 /* liblibpng.dylib */,
				5AB6A9081E966617009BDBC3 /* libstatic.a */,
			);
			name = Products;
			sourceTree = "<group>";
		};
		D047E4691E7D7DF00036F96B = {
			isa = PBXGroup;
			children = (
				D047E5211E7D87670036F96B /* Frameworks */,
				D047E4741E7D7DF00036F96B /* guetzli */,
				D047E4731E7D7DF00036F96B /* Products */,
				D047E5271E7D89F10036F96B /* third_party */,
				5A86E6131E8133B900C54C09 /* debug.xcconfig */,
				5AB6A8FE1E966617009BDBC3 /* libpng.xcodeproj */,
				5A86E6141E8133B900C54C09 /* release.xcconfig */,
			);
			sourceTree = "<group>";
		};
		D047E4731E7D7DF00036F96B /* Products */ = {
			isa = PBXGroup;
			children = (
				D047E4E81E7D868D0036F96B /* guetzli */,
			);
			name = Products;
			sourceTree = "<group>";
		};
		D047E4741E7D7DF00036F96B /* guetzli */ = {
			isa = PBXGroup;
			children = (
				D047E4871E7D7F070036F96B /* butteraugli_comparator.cc */,
				D047E4881E7D7F070036F96B /* butteraugli_comparator.h */,
				D047E4891E7D7F070036F96B /* color_transform.h */,
				D047E48A1E7D7F070036F96B /* comparator.h */,
				D047E48B1E7D7F070036F96B /* dct_double.cc */,
				D047E48C1E7D7F070036F96B /* dct_double.h */,
				D047E48D1E7D7F070036F96B /* debug_print.cc */,
				D047E48E1E7D7F070036F96B /* debug_print.h */,
				D047E48F1E7D7F070036F96B /* entropy_encode.cc */,
				D047E4901E7D7F070036F96B /* entropy_encode.h */,
				D047E4911E7D7F070036F96B /* fast_log.h */,
				D047E4921E7D7F070036F96B /* fdct.cc */,
				D047E4931E7D7F070036F96B /* fdct.h */,
				D047E4941E7D7F070036F96B /* gamma_correct.cc */,
				D047E4951E7D7F070036F96B /* gamma_correct.h */,
				D047E4961E7D7F070036F96B /* guetzli.cc */,
				D047E4971E7D7F070036F96B /* idct.cc */,
				D047E4981E7D7F070036F96B /* idct.h */,
				D047E4991E7D7F070036F96B /* jpeg_bit_writer.h */,
				D047E4A21E7D7F070036F96B /* jpeg_data.cc */,
				D047E4A31E7D7F070036F96B /* jpeg_data.h */,
				D047E49A1E7D7F070036F96B /* jpeg_data_decoder.cc */,
				D047E49B1E7D7F070036F96B /* jpeg_data_decoder.h */,
				D047E49C1E7D7F070036F96B /* jpeg_data_encoder.cc */,
				D047E49D1E7D7F070036F96B /* jpeg_data_encoder.h */,
				D047E49E1E7D7F070036F96B /* jpeg_data_reader.cc */,
				D047E49F1E7D7F070036F96B /* jpeg_data_reader.h */,
				D047E4A01E7D7F070036F96B /* jpeg_data_writer.cc */,
				D047E4A11E7D7F070036F96B /* jpeg_data_writer.h */,
				D047E4A41E7D7F070036F96B /* jpeg_error.h */,
				D047E4A51E7D7F070036F96B /* jpeg_huffman_decode.cc */,
				D047E4A61E7D7F070036F96B /* jpeg_huffman_decode.h */,
				D047E4A81E7D7F070036F96B /* order.inc */,
				D047E4A91E7D7F070036F96B /* output_image.cc */,
				D047E4AA1E7D7F070036F96B /* output_image.h */,
				D047E4AB1E7D7F070036F96B /* preprocess_downsample.cc */,
				D047E4AC1E7D7F070036F96B /* preprocess_downsample.h */,
				D047E4AD1E7D7F070036F96B /* processor.cc */,
				D047E4AE1E7D7F070036F96B /* processor.h */,
				D047E4AF1E7D7F070036F96B /* quality.cc */,
				D047E4B01E7D7F070036F96B /* quality.h */,
				D047E4B11E7D7F070036F96B /* quantize.cc */,
				D047E4B21E7D7F070036F96B /* quantize.h */,
				D047E4B31E7D7F070036F96B /* score.cc */,
				D047E4B41E7D7F070036F96B /* score.h */,
				D047E4B51E7D7F070036F96B /* stats.h */,
			);
			path = guetzli;
			sourceTree = "<group>";
		};
		D047E5211E7D87670036F96B /* Frameworks */ = {
			isa = PBXGroup;
			children = (
				D047E52A1E7D8BFD0036F96B /* libimageoptimjpeg.dylib */,
				D047E5221E7D87670036F96B /* liblibpng.dylib */,
			);
			name = Frameworks;
			sourceTree = "<group>";
		};
		D047E5271E7D89F10036F96B /* third_party */ = {
			isa = PBXGroup;
			children = (
				D047E5251E7D89D50036F96B /* butteraugli.cc */,
				D047E5261E7D89D50036F96B /* butteraugli.h */,
				D047E5241E7D89D50036F96B /* butteraugli_main.cc */,
			);
			name = third_party;
			sourceTree = "<group>";
		};
/* End PBXGroup section */

/* Begin PBXLegacyTarget section */
		D047E4CE1E7D81720036F96B /* download */ = {
			isa = PBXLegacyTarget;
			buildArgumentsString = "$(ACTION)";
			buildConfigurationList = D047E4CF1E7D81720036F96B /* Build configuration list for PBXLegacyTarget "download" */;
			buildPhases = (
			);
			buildToolPath = /usr/bin/make;
			dependencies = (
			);
			name = download;
			passBuildSettingsInEnvironment = 1;
			productName = download;
		};
/* End PBXLegacyTarget section */

/* Begin PBXNativeTarget section */
		D047E4E71E7D868D0036F96B /* guetzli */ = {
			isa = PBXNativeTarget;
			buildConfigurationList = D047E4EC1E7D868D0036F96B /* Build configuration list for PBXNativeTarget "guetzli" */;
			buildPhases = (
				D047E4E41E7D868D0036F96B /* Sources */,
				D047E4E51E7D868D0036F96B /* Frameworks */,
				D047E4E61E7D868D0036F96B /* CopyFiles */,
			);
			buildRules = (
			);
			dependencies = (
				5AB6A90A1E96661C009BDBC3 /* PBXTargetDependency */,
				D047E4F01E7D86970036F96B /* PBXTargetDependency */,
			);
			name = guetzli;
			productName = guetzli;
			productReference = D047E4E81E7D868D0036F96B /* guetzli */;
			productType = "com.apple.product-type.tool";
		};
/* End PBXNativeTarget section */

/* Begin PBXProject section */
		D047E46A1E7D7DF00036F96B /* Project object */ = {
			isa = PBXProject;
			attributes = {
				LastUpgradeCheck = 1310;
				TargetAttributes = {
					D047E4CE1E7D81720036F96B = {
						CreatedOnToolsVersion = 8.2.1;
						ProvisioningStyle = Automatic;
					};
					D047E4E71E7D868D0036F96B = {
						CreatedOnToolsVersion = 8.2.1;
						ProvisioningStyle = Automatic;
					};
				};
			};
			buildConfigurationList = D047E46D1E7D7DF00036F96B /* Build configuration list for PBXProject "guetzli" */;
			compatibilityVersion = "Xcode 3.2";
			developmentRegion = English;
			hasScannedForEncodings = 0;
			knownRegions = (
				en,
			);
			mainGroup = D047E4691E7D7DF00036F96B;
			productRefGroup = D047E4731E7D7DF00036F96B /* Products */;
			projectDirPath = "";
			projectReferences = (
				{
					ProductGroup = 5AB6A8FF1E966617009BDBC3 /* Products */;
					ProjectRef = 5AB6A8FE1E966617009BDBC3 /* libpng.xcodeproj */;
				},
			);
			projectRoot = "";
			targets = (
				D047E4CE1E7D81720036F96B /* download */,
				D047E4E71E7D868D0036F96B /* guetzli */,
			);
		};
/* End PBXProject section */

/* Begin PBXReferenceProxy section */
		5AB6A9061E966617009BDBC3 /* liblibpng.dylib */ = {
			isa = PBXReferenceProxy;
			fileType = "compiled.mach-o.dylib";
			path = liblibpng.dylib;
			remoteRef = 5AB6A9051E966617009BDBC3 /* PBXContainerItemProxy */;
			sourceTree = BUILT_PRODUCTS_DIR;
		};
		5AB6A9081E966617009BDBC3 /* libstatic.a */ = {
			isa = PBXReferenceProxy;
			fileType = archive.ar;
			path = libstatic.a;
			remoteRef = 5AB6A9071E966617009BDBC3 /* PBXContainerItemProxy */;
			sourceTree = BUILT_PRODUCTS_DIR;
		};
/* End PBXReferenceProxy section */

/* Begin PBXSourcesBuildPhase section */
		D047E4E41E7D868D0036F96B /* Sources */ = {
			isa = PBXSourcesBuildPhase;
			buildActionMask = 2147483647;
			files = (
				D047E5291E7D8A050036F96B /* butteraugli.cc in Sources */,
				D047E4F31E7D86AD0036F96B /* butteraugli_comparator.cc in Sources */,
				D047E4F71E7D86AD0036F96B /* dct_double.cc in Sources */,
				D047E4F91E7D86AD0036F96B /* debug_print.cc in Sources */,
				D047E4FB1E7D86AD0036F96B /* entropy_encode.cc in Sources */,
				D047E4FE1E7D86AD0036F96B /* fdct.cc in Sources */,
				D047E5001E7D86AD0036F96B /* gamma_correct.cc in Sources */,
				D047E5021E7D86AD0036F96B /* guetzli.cc in Sources */,
				D047E5031E7D86AD0036F96B /* idct.cc in Sources */,
				D047E50E1E7D86AD0036F96B /* jpeg_data.cc in Sources */,
				D047E5061E7D86AD0036F96B /* jpeg_data_decoder.cc in Sources */,
				D047E5081E7D86AD0036F96B /* jpeg_data_encoder.cc in Sources */,
				D047E50A1E7D86AD0036F96B /* jpeg_data_reader.cc in Sources */,
				D047E50C1E7D86AD0036F96B /* jpeg_data_writer.cc in Sources */,
				D047E5111E7D86AD0036F96B /* jpeg_huffman_decode.cc in Sources */,
				D047E5141E7D86AD0036F96B /* output_image.cc in Sources */,
				D047E5161E7D86AD0036F96B /* preprocess_downsample.cc in Sources */,
				D047E5181E7D86AD0036F96B /* processor.cc in Sources */,
				D047E51A1E7D86AD0036F96B /* quality.cc in Sources */,
				D047E51C1E7D86AD0036F96B /* quantize.cc in Sources */,
				D047E51E1E7D86AD0036F96B /* score.cc in Sources */,
			);
			runOnlyForDeploymentPostprocessing = 0;
		};
/* End PBXSourcesBuildPhase section */

/* Begin PBXTargetDependency section */
		5AB6A90A1E96661C009BDBC3 /* PBXTargetDependency */ = {
			isa = PBXTargetDependency;
			name = libpng;
			targetProxy = 5AB6A9091E96661C009BDBC3 /* PBXContainerItemProxy */;
		};
		D047E4F01E7D86970036F96B /* PBXTargetDependency */ = {
			isa = PBXTargetDependency;
			target = D047E4CE1E7D81720036F96B /* download */;
			targetProxy = D047E4EF1E7D86970036F96B /* PBXContainerItemProxy */;
		};
/* End PBXTargetDependency section */

/* Begin XCBuildConfiguration section */
		D047E4771E7D7DF00036F96B /* Debug */ = {
			isa = XCBuildConfiguration;
			baseConfigurationReference = 5A86E6131E8133B900C54C09 /* debug.xcconfig */;
			buildSettings = {
				CLANG_CXX_LANGUAGE_STANDARD = "c++14";
				CLANG_CXX_LIBRARY = "libc++";
				GCC_PREPROCESSOR_DEFINITIONS = (
					NDEBUG,
					NS_BLOCK_ASSERTIONS,
					HAVE_CONFIG_H,
					PNG_CONFIGURE_LIBPNG,
				);
				USER_HEADER_SEARCH_PATHS = "$(SRCROOT)/guetzli $(SRCROOT)/guetzli/third_party/butteraugli $(SRCROOT)/../libpng";
			};
			name = Debug;
		};
		D047E4781E7D7DF00036F96B /* Release */ = {
			isa = XCBuildConfiguration;
			baseConfigurationReference = 5A86E6141E8133B900C54C09 /* release.xcconfig */;
			buildSettings = {
				CLANG_CXX_LANGUAGE_STANDARD = "c++14";
				CLANG_CXX_LIBRARY = "libc++";
				GCC_PREPROCESSOR_DEFINITIONS = (
					NDEBUG,
					NS_BLOCK_ASSERTIONS,
					HAVE_CONFIG_H,
					PNG_CONFIGURE_LIBPNG,
				);
				USER_HEADER_SEARCH_PATHS = "$(SRCROOT)/guetzli $(SRCROOT)/guetzli/third_party/butteraugli $(SRCROOT)/../libpng";
			};
			name = Release;
		};
		D047E4D01E7D81720036F96B /* Debug */ = {
			isa = XCBuildConfiguration;
			buildSettings = {
				PRODUCT_NAME = "$(TARGET_NAME)";
			};
			name = Debug;
		};
		D047E4D11E7D81720036F96B /* Release */ = {
			isa = XCBuildConfiguration;
			buildSettings = {
				PRODUCT_NAME = "$(TARGET_NAME)";
			};
			name = Release;
		};
		D047E4ED1E7D868D0036F96B /* Debug */ = {
			isa = XCBuildConfiguration;
			buildSettings = {
				PRODUCT_NAME = "$(TARGET_NAME)";
			};
			name = Debug;
		};
		D047E4EE1E7D868D0036F96B /* Release */ = {
			isa = XCBuildConfiguration;
			buildSettings = {
				PRODUCT_NAME = "$(TARGET_NAME)";
			};
			name = Release;
		};
/* End XCBuildConfiguration section */

/* Begin XCConfigurationList section */
		D047E46D1E7D7DF00036F96B /* Build configuration list for PBXProject "guetzli" */ = {
			isa = XCConfigurationList;
			buildConfigurations = (
				D047E4771E7D7DF00036F96B /* Debug */,
				D047E4781E7D7DF00036F96B /* Release */,
			);
			defaultConfigurationIsVisible = 0;
			defaultConfigurationName = Release;
		};
		D047E4CF1E7D81720036F96B /* Build configuration list for PBXLegacyTarget "download" */ = {
			isa = XCConfigurationList;
			buildConfigurations = (
				D047E4D01E7D81720036F96B /* Debug */,
				D047E4D11E7D81720036F96B /* Release */,
			);
			defaultConfigurationIsVisible = 0;
			defaultConfigurationName = Release;
		};
		D047E4EC1E7D868D0036F96B /* Build configuration list for PBXNativeTarget "guetzli" */ = {
			isa = XCConfigurationList;
			buildConfigurations = (
				D047E4ED1E7D868D0036F96B /* Debug */,
				D047E4EE1E7D868D0036F96B /* Release */,
			);
			defaultConfigurationIsVisible = 0;
			defaultConfigurationName = Release;
		};
/* End XCConfigurationList section */
	};
	rootObject = D047E46A1E7D7DF00036F96B /* Project object */;
}
