// !$*UTF8*$!
{
	archiveVersion = 1;
	classes = {
	};
	objectVersion = 46;
	objects = {

/* Begin PBXBuildFile section */
		5A2297151F1900A9002BE8D1 /* pngquant_opts.c in Sources */ = {isa = PBXBuildFile; fileRef = 5A2297111F1900A9002BE8D1 /* pngquant_opts.c */; };
		5A389D401662DA1500E237CB /* Cocoa.framework in Frameworks */ = {isa = PBXBuildFile; fileRef = 5A389D3F1662DA1500E237CB /* Cocoa.framework */; };
		5A728F5A1836C1AF004D0D73 /* blur.c in Sources */ = {isa = PBXBuildFile; fileRef = 5A728F4C1836C1AF004D0D73 /* blur.c */; };
		5A728F5B1836C1AF004D0D73 /* blur.h in Headers */ = {isa = PBXBuildFile; fileRef = 5A728F4D1836C1AF004D0D73 /* blur.h */; };
		5A728F5C1836C1AF004D0D73 /* libimagequant.c in Sources */ = {isa = PBXBuildFile; fileRef = 5A728F4E1836C1AF004D0D73 /* libimagequant.c */; };
		5A728F5D1836C1AF004D0D73 /* libimagequant.h in Headers */ = {isa = PBXBuildFile; fileRef = 5A728F4F1836C1AF004D0D73 /* libimagequant.h */; };
		5A728F5E1836C1AF004D0D73 /* mediancut.c in Sources */ = {isa = PBXBuildFile; fileRef = 5A728F501836C1AF004D0D73 /* mediancut.c */; };
		5A728F5F1836C1AF004D0D73 /* mediancut.h in Headers */ = {isa = PBXBuildFile; fileRef = 5A728F511836C1AF004D0D73 /* mediancut.h */; };
		5A728F601836C1AF004D0D73 /* mempool.c in Sources */ = {isa = PBXBuildFile; fileRef = 5A728F521836C1AF004D0D73 /* mempool.c */; };
		5A728F611836C1AF004D0D73 /* mempool.h in Headers */ = {isa = PBXBuildFile; fileRef = 5A728F531836C1AF004D0D73 /* mempool.h */; };
		5A728F621836C1AF004D0D73 /* nearest.c in Sources */ = {isa = PBXBuildFile; fileRef = 5A728F541836C1AF004D0D73 /* nearest.c */; };
		5A728F631836C1AF004D0D73 /* nearest.h in Headers */ = {isa = PBXBuildFile; fileRef = 5A728F551836C1AF004D0D73 /* nearest.h */; };
		5A728F641836C1AF004D0D73 /* pam.c in Sources */ = {isa = PBXBuildFile; fileRef = 5A728F561836C1AF004D0D73 /* pam.c */; };
		5A728F651836C1AF004D0D73 /* pam.h in Headers */ = {isa = PBXBuildFile; fileRef = 5A728F571836C1AF004D0D73 /* pam.h */; };
		5A728F661836C1AF004D0D73 /* kmeans.c in Sources */ = {isa = PBXBuildFile; fileRef = 5A728F581836C1AF004D0D73 /* kmeans.c */; };
		5A728F671836C1AF004D0D73 /* kmeans.h in Headers */ = {isa = PBXBuildFile; fileRef = 5A728F591836C1AF004D0D73 /* kmeans.h */; };
		5A728F6C1836C1D4004D0D73 /* pngquant.c in Sources */ = {isa = PBXBuildFile; fileRef = 5A728F681836C1D4004D0D73 /* pngquant.c */; };
		5A728F6D1836C1D4004D0D73 /* rwpng_cocoa.m in Sources */ = {isa = PBXBuildFile; fileRef = 5A728F691836C1D4004D0D73 /* rwpng_cocoa.m */; };
		5A728F6E1836C1D4004D0D73 /* rwpng.c in Sources */ = {isa = PBXBuildFile; fileRef = 5A728F6A1836C1D4004D0D73 /* rwpng.c */; };
		5A728F711836C1EC004D0D73 /* libimagequant.a in Frameworks */ = {isa = PBXBuildFile; fileRef = 5A728F481836C185004D0D73 /* libimagequant.a */; };
		5A728F741836C2F9004D0D73 /* liblibpng.dylib in Frameworks */ = {isa = PBXBuildFile; fileRef = 5A728F731836C2F9004D0D73 /* liblibpng.dylib */; };
/* End PBXBuildFile section */

/* Begin PBXContainerItemProxy section */
		5A145DF71836C45A00DA10F4 /* PBXContainerItemProxy */ = {
			isa = PBXContainerItemProxy;
			containerPortal = 5A728F721836C2D5004D0D73 /* libpng.xcodeproj */;
			proxyType = 2;
			remoteGlobalIDString = D2AAC0630554660B00DB518D;
			remoteInfo = libpng;
		};
		5A145DF91836C45A00DA10F4 /* PBXContainerItemProxy */ = {
			isa = PBXContainerItemProxy;
			containerPortal = 5A728F721836C2D5004D0D73 /* libpng.xcodeproj */;
			proxyType = 2;
			remoteGlobalIDString = 5AC2B4D613394EDA00376783;
			remoteInfo = static;
		};
		5A145DFB1836C46200DA10F4 /* PBXContainerItemProxy */ = {
			isa = PBXContainerItemProxy;
			containerPortal = 5A728F721836C2D5004D0D73 /* libpng.xcodeproj */;
			proxyType = 1;
			remoteGlobalIDString = D2AAC0620554660B00DB518D;
			remoteInfo = libpng;
		};
		5A728F6F1836C1E5004D0D73 /* PBXContainerItemProxy */ = {
			isa = PBXContainerItemProxy;
			containerPortal = 08FB7793FE84155DC02AAC07 /* Project object */;
			proxyType = 1;
			remoteGlobalIDString = 5A728F471836C185004D0D73;
			remoteInfo = imagequant;
		};
		5AD202851B52A437000D4FF2 /* PBXContainerItemProxy */ = {
			isa = PBXContainerItemProxy;
			containerPortal = 08FB7793FE84155DC02AAC07 /* Project object */;
			proxyType = 1;
			remoteGlobalIDString = 5AD2027D1B52A3E7000D4FF2;
			remoteInfo = download;
		};
/* End PBXContainerItemProxy section */

/* Begin PBXFileReference section */
		5A13D66F14BBAEB80099F018 /* INSTALL */ = {isa = PBXFileReference; lastKnownFileType = text; path = INSTALL; sourceTree = "<group>"; };
		5A13D67014BBAEB80099F018 /* Makefile */ = {isa = PBXFileReference; lastKnownFileType = sourcecode.make; path = Makefile; sourceTree = "<group>"; };
		5A13D67114BBAEB80099F018 /* CHANGELOG */ = {isa = PBXFileReference; lastKnownFileType = text; path = CHANGELOG; sourceTree = "<group>"; };
		5A13D67214BBAEB80099F018 /* pngquant.1 */ = {isa = PBXFileReference; lastKnownFileType = text.man; path = pngquant.1; sourceTree = "<group>"; };
		5A13D67314BBAEB80099F018 /* COPYRIGHT */ = {isa = PBXFileReference; lastKnownFileType = text; path = COPYRIGHT; sourceTree = "<group>"; };
		5A2297111F1900A9002BE8D1 /* pngquant_opts.c */ = {isa = PBXFileReference; fileEncoding = 4; lastKnownFileType = sourcecode.c.c; name = pngquant_opts.c; path = src/pngquant_opts.c; sourceTree = "<group>"; };
		5A389D3F1662DA1500E237CB /* Cocoa.framework */ = {isa = PBXFileReference; lastKnownFileType = wrapper.framework; name = Cocoa.framework; path = System/Library/Frameworks/Cocoa.framework; sourceTree = SDKROOT; };
		5A728F481836C185004D0D73 /* libimagequant.a */ = {isa = PBXFileReference; explicitFileType = archive.ar; includeInIndex = 0; path = libimagequant.a; sourceTree = BUILT_PRODUCTS_DIR; };
		5A728F4C1836C1AF004D0D73 /* blur.c */ = {isa = PBXFileReference; fileEncoding = 4; lastKnownFileType = sourcecode.c.c; name = blur.c; path = src/lib/blur.c; sourceTree = "<group>"; };
		5A728F4D1836C1AF004D0D73 /* blur.h */ = {isa = PBXFileReference; fileEncoding = 4; lastKnownFileType = sourcecode.c.h; name = blur.h; path = src/lib/blur.h; sourceTree = "<group>"; };
		5A728F4E1836C1AF004D0D73 /* libimagequant.c */ = {isa = PBXFileReference; fileEncoding = 4; lastKnownFileType = sourcecode.c.c; name = libimagequant.c; path = src/lib/libimagequant.c; sourceTree = "<group>"; };
		5A728F4F1836C1AF004D0D73 /* libimagequant.h */ = {isa = PBXFileReference; fileEncoding = 4; lastKnownFileType = sourcecode.c.h; name = libimagequant.h; path = src/lib/libimagequant.h; sourceTree = "<group>"; };
		5A728F501836C1AF004D0D73 /* mediancut.c */ = {isa = PBXFileReference; fileEncoding = 4; lastKnownFileType = sourcecode.c.c; name = mediancut.c; path = src/lib/mediancut.c; sourceTree = "<group>"; };
		5A728F511836C1AF004D0D73 /* mediancut.h */ = {isa = PBXFileReference; fileEncoding = 4; lastKnownFileType = sourcecode.c.h; name = mediancut.h; path = src/lib/mediancut.h; sourceTree = "<group>"; };
		5A728F521836C1AF004D0D73 /* mempool.c */ = {isa = PBXFileReference; fileEncoding = 4; lastKnownFileType = sourcecode.c.c; name = mempool.c; path = src/lib/mempool.c; sourceTree = "<group>"; };
		5A728F531836C1AF004D0D73 /* mempool.h */ = {isa = PBXFileReference; fileEncoding = 4; lastKnownFileType = sourcecode.c.h; name = mempool.h; path = src/lib/mempool.h; sourceTree = "<group>"; };
		5A728F541836C1AF004D0D73 /* nearest.c */ = {isa = PBXFileReference; fileEncoding = 4; lastKnownFileType = sourcecode.c.c; name = nearest.c; path = src/lib/nearest.c; sourceTree = "<group>"; };
		5A728F551836C1AF004D0D73 /* nearest.h */ = {isa = PBXFileReference; fileEncoding = 4; lastKnownFileType = sourcecode.c.h; name = nearest.h; path = src/lib/nearest.h; sourceTree = "<group>"; };
		5A728F561836C1AF004D0D73 /* pam.c */ = {isa = PBXFileReference; fileEncoding = 4; lastKnownFileType = sourcecode.c.c; name = pam.c; path = src/lib/pam.c; sourceTree = "<group>"; };
		5A728F571836C1AF004D0D73 /* pam.h */ = {isa = PBXFileReference; fileEncoding = 4; lastKnownFileType = sourcecode.c.h; name = pam.h; path = src/lib/pam.h; sourceTree = "<group>"; };
		5A728F581836C1AF004D0D73 /* kmeans.c */ = {isa = PBXFileReference; fileEncoding = 4; lastKnownFileType = sourcecode.c.c; name = kmeans.c; path = src/lib/kmeans.c; sourceTree = "<group>"; };
		5A728F591836C1AF004D0D73 /* kmeans.h */ = {isa = PBXFileReference; fileEncoding = 4; lastKnownFileType = sourcecode.c.h; name = kmeans.h; path = src/lib/kmeans.h; sourceTree = "<group>"; };
		5A728F681836C1D4004D0D73 /* pngquant.c */ = {isa = PBXFileReference; fileEncoding = 4; lastKnownFileType = sourcecode.c.c; name = pngquant.c; path = src/pngquant.c; sourceTree = "<group>"; };
		5A728F691836C1D4004D0D73 /* rwpng_cocoa.m */ = {isa = PBXFileReference; fileEncoding = 4; lastKnownFileType = sourcecode.c.objc; name = rwpng_cocoa.m; path = src/rwpng_cocoa.m; sourceTree = "<group>"; };
		5A728F6A1836C1D4004D0D73 /* rwpng.c */ = {isa = PBXFileReference; fileEncoding = 4; lastKnownFileType = sourcecode.c.c; name = rwpng.c; path = src/rwpng.c; sourceTree = "<group>"; };
		5A728F6B1836C1D4004D0D73 /* rwpng.h */ = {isa = PBXFileReference; fileEncoding = 4; lastKnownFileType = sourcecode.c.h; name = rwpng.h; path = src/rwpng.h; sourceTree = "<group>"; };
		5A728F721836C2D5004D0D73 /* libpng.xcodeproj */ = {isa = PBXFileReference; lastKnownFileType = "wrapper.pb-project"; name = libpng.xcodeproj; path = ../libpng/libpng.xcodeproj; sourceTree = "<group>"; };
		5A728F731836C2F9004D0D73 /* liblibpng.dylib */ = {isa = PBXFileReference; lastKnownFileType = "compiled.mach-o.dylib"; name = liblibpng.dylib; path = ../imageoptim/DerivedData/ImageOptim/Build/Products/Release/liblibpng.dylib; sourceTree = "<group>"; };
		5AED10E8139BD4C900FF5C69 /* release.xcconfig */ = {isa = PBXFileReference; lastKnownFileType = text.xcconfig; name = release.xcconfig; path = ../imageoptim/release.xcconfig; sourceTree = "<group>"; };
		5AED10E9139BD4C900FF5C69 /* debug.xcconfig */ = {isa = PBXFileReference; lastKnownFileType = text.xcconfig; name = debug.xcconfig; path = ../imageoptim/debug.xcconfig; sourceTree = "<group>"; };
		8DD76FB20486AB0100D96B5E /* pngquant */ = {isa = PBXFileReference; explicitFileType = "compiled.mach-o.executable"; includeInIndex = 0; path = pngquant; sourceTree = BUILT_PRODUCTS_DIR; };
/* End PBXFileReference section */

/* Begin PBXFrameworksBuildPhase section */
		5A728F451836C185004D0D73 /* Frameworks */ = {
			isa = PBXFrameworksBuildPhase;
			buildActionMask = 2147483647;
			files = (
			);
			runOnlyForDeploymentPostprocessing = 0;
		};
		8DD76FAD0486AB0100D96B5E /* Frameworks */ = {
			isa = PBXFrameworksBuildPhase;
			buildActionMask = 2147483647;
			files = (
				5A389D401662DA1500E237CB /* Cocoa.framework in Frameworks */,
				5A728F711836C1EC004D0D73 /* libimagequant.a in Frameworks */,
				5A728F741836C2F9004D0D73 /* liblibpng.dylib in Frameworks */,
			);
			runOnlyForDeploymentPostprocessing = 0;
		};
/* End PBXFrameworksBuildPhase section */

/* Begin PBXGroup section */
		08FB7794FE84155DC02AAC07 /* Untitled */ = {
			isa = PBXGroup;
			children = (
				5A728F731836C2F9004D0D73 /* liblibpng.dylib */,
				5A728F721836C2D5004D0D73 /* libpng.xcodeproj */,
				5A389D3F1662DA1500E237CB /* Cocoa.framework */,
				08FB7795FE84155DC02AAC07 /* Source */,
				5A13D67414BBAEBD0099F018 /* Other */,
				1AB674ADFE9D54B511CA2CBB /* Products */,
				5AED10E8139BD4C900FF5C69 /* release.xcconfig */,
				5AED10E9139BD4C900FF5C69 /* debug.xcconfig */,
			);
			name = Untitled;
			sourceTree = "<group>";
		};
		08FB7795FE84155DC02AAC07 /* Source */ = {
			isa = PBXGroup;
			children = (
				5A728F4C1836C1AF004D0D73 /* blur.c */,
				5A728F4D1836C1AF004D0D73 /* blur.h */,
				5A728F4E1836C1AF004D0D73 /* libimagequant.c */,
				5A2297111F1900A9002BE8D1 /* pngquant_opts.c */,
				5A728F4F1836C1AF004D0D73 /* libimagequant.h */,
				5A728F501836C1AF004D0D73 /* mediancut.c */,
				5A728F511836C1AF004D0D73 /* mediancut.h */,
				5A728F521836C1AF004D0D73 /* mempool.c */,
				5A728F531836C1AF004D0D73 /* mempool.h */,
				5A728F541836C1AF004D0D73 /* nearest.c */,
				5A728F551836C1AF004D0D73 /* nearest.h */,
				5A728F561836C1AF004D0D73 /* pam.c */,
				5A728F571836C1AF004D0D73 /* pam.h */,
				5A728F681836C1D4004D0D73 /* pngquant.c */,
				5A728F6A1836C1D4004D0D73 /* rwpng.c */,
				5A728F6B1836C1D4004D0D73 /* rwpng.h */,
				5A728F691836C1D4004D0D73 /* rwpng_cocoa.m */,
				5A728F581836C1AF004D0D73 /* kmeans.c */,
				5A728F591836C1AF004D0D73 /* kmeans.h */,
			);
			name = Source;
			sourceTree = "<group>";
		};
		1AB674ADFE9D54B511CA2CBB /* Products */ = {
			isa = PBXGroup;
			children = (
				8DD76FB20486AB0100D96B5E /* pngquant */,
				5A728F481836C185004D0D73 /* libimagequant.a */,
			);
			name = Products;
			sourceTree = "<group>";
		};
		5A13D67414BBAEBD0099F018 /* Other */ = {
			isa = PBXGroup;
			children = (
				5A13D67114BBAEB80099F018 /* CHANGELOG */,
				5A13D67314BBAEB80099F018 /* COPYRIGHT */,
				5A13D66F14BBAEB80099F018 /* INSTALL */,
				5A13D67014BBAEB80099F018 /* Makefile */,
				5A13D67214BBAEB80099F018 /* pngquant.1 */,
			);
			name = Other;
			sourceTree = "<group>";
		};
		5A145DF11836C45A00DA10F4 /* Products */ = {
			isa = PBXGroup;
			children = (
				5A145DF81836C45A00DA10F4 /* liblibpng.dylib */,
				5A145DFA1836C45A00DA10F4 /* libstatic.a */,
			);
			name = Products;
			sourceTree = "<group>";
		};
/* End PBXGroup section */

/* Begin PBXHeadersBuildPhase section */
		5A728F461836C185004D0D73 /* Headers */ = {
			isa = PBXHeadersBuildPhase;
			buildActionMask = 2147483647;
			files = (
				5A728F5B1836C1AF004D0D73 /* blur.h in Headers */,
				5A728F5D1836C1AF004D0D73 /* libimagequant.h in Headers */,
				5A728F5F1836C1AF004D0D73 /* mediancut.h in Headers */,
				5A728F611836C1AF004D0D73 /* mempool.h in Headers */,
				5A728F631836C1AF004D0D73 /* nearest.h in Headers */,
				5A728F651836C1AF004D0D73 /* pam.h in Headers */,
				5A728F671836C1AF004D0D73 /* kmeans.h in Headers */,
			);
			runOnlyForDeploymentPostprocessing = 0;
		};
/* End PBXHeadersBuildPhase section */

/* Begin PBXLegacyTarget section */
		5AD2027D1B52A3E7000D4FF2 /* download */ = {
			isa = PBXLegacyTarget;
			buildArgumentsString = "$(ACTION)";
			buildConfigurationList = 5AD202831B52A3E7000D4FF2 /* Build configuration list for PBXLegacyTarget "download" */;
			buildPhases = (
			);
			buildToolPath = /usr/bin/make;
			buildWorkingDirectory = "";
			dependencies = (
			);
			name = download;
			passBuildSettingsInEnvironment = 1;
			productName = download;
		};
/* End PBXLegacyTarget section */

/* Begin PBXNativeTarget section */
		5A728F471836C185004D0D73 /* imagequant */ = {
			isa = PBXNativeTarget;
			buildConfigurationList = 5A728F491836C185004D0D73 /* Build configuration list for PBXNativeTarget "imagequant" */;
			buildPhases = (
				5A728F441836C185004D0D73 /* Sources */,
				5A728F451836C185004D0D73 /* Frameworks */,
				5A728F461836C185004D0D73 /* Headers */,
			);
			buildRules = (
			);
			dependencies = (
				5AD202861B52A437000D4FF2 /* PBXTargetDependency */,
			);
			name = imagequant;
			productName = imagequant;
			productReference = 5A728F481836C185004D0D73 /* libimagequant.a */;
			productType = "com.apple.product-type.library.static";
		};
		8DD76FA90486AB0100D96B5E /* pngquant */ = {
			isa = PBXNativeTarget;
			buildConfigurationList = 1DEB928508733DD80010E9CD /* Build configuration list for PBXNativeTarget "pngquant" */;
			buildPhases = (
				8DD76FAB0486AB0100D96B5E /* Sources */,
				8DD76FAD0486AB0100D96B5E /* Frameworks */,
			);
			buildRules = (
			);
			dependencies = (
				5A145DFC1836C46200DA10F4 /* PBXTargetDependency */,
				5A728F701836C1E5004D0D73 /* PBXTargetDependency */,
			);
			name = pngquant;
			productInstallPath = "$(HOME)/bin";
			productName = Untitled;
			productReference = 8DD76FB20486AB0100D96B5E /* pngquant */;
			productType = "com.apple.product-type.tool";
		};
/* End PBXNativeTarget section */

/* Begin PBXProject section */
		08FB7793FE84155DC02AAC07 /* Project object */ = {
			isa = PBXProject;
			attributes = {
				LastUpgradeCheck = 1310;
			};
			buildConfigurationList = 1DEB928908733DD80010E9CD /* Build configuration list for PBXProject "pngquant" */;
			compatibilityVersion = "Xcode 3.2";
			developmentRegion = en;
			hasScannedForEncodings = 1;
			knownRegions = (
				en,
				fr,
				ja,
				de,
				Base,
			);
			mainGroup = 08FB7794FE84155DC02AAC07 /* Untitled */;
			projectDirPath = "";
			projectReferences = (
				{
					ProductGroup = 5A145DF11836C45A00DA10F4 /* Products */;
					ProjectRef = 5A728F721836C2D5004D0D73 /* libpng.xcodeproj */;
				},
			);
			projectRoot = "";
			targets = (
				8DD76FA90486AB0100D96B5E /* pngquant */,
				5A728F471836C185004D0D73 /* imagequant */,
				5AD2027D1B52A3E7000D4FF2 /* download */,
			);
		};
/* End PBXProject section */

/* Begin PBXReferenceProxy section */
		5A145DF81836C45A00DA10F4 /* liblibpng.dylib */ = {
			isa = PBXReferenceProxy;
			fileType = "compiled.mach-o.dylib";
			path = liblibpng.dylib;
			remoteRef = 5A145DF71836C45A00DA10F4 /* PBXContainerItemProxy */;
			sourceTree = BUILT_PRODUCTS_DIR;
		};
		5A145DFA1836C45A00DA10F4 /* libstatic.a */ = {
			isa = PBXReferenceProxy;
			fileType = archive.ar;
			path = libstatic.a;
			remoteRef = 5A145DF91836C45A00DA10F4 /* PBXContainerItemProxy */;
			sourceTree = BUILT_PRODUCTS_DIR;
		};
/* End PBXReferenceProxy section */

/* Begin PBXSourcesBuildPhase section */
		5A728F441836C185004D0D73 /* Sources */ = {
			isa = PBXSourcesBuildPhase;
			buildActionMask = 2147483647;
			files = (
				5A728F5A1836C1AF004D0D73 /* blur.c in Sources */,
				5A728F5C1836C1AF004D0D73 /* libimagequant.c in Sources */,
				5A728F5E1836C1AF004D0D73 /* mediancut.c in Sources */,
				5A728F601836C1AF004D0D73 /* mempool.c in Sources */,
				5A728F621836C1AF004D0D73 /* nearest.c in Sources */,
				5A728F641836C1AF004D0D73 /* pam.c in Sources */,
				5A728F661836C1AF004D0D73 /* kmeans.c in Sources */,
			);
			runOnlyForDeploymentPostprocessing = 0;
		};
		8DD76FAB0486AB0100D96B5E /* Sources */ = {
			isa = PBXSourcesBuildPhase;
			buildActionMask = 2147483647;
			files = (
				5A728F6C1836C1D4004D0D73 /* pngquant.c in Sources */,
				5A728F6E1836C1D4004D0D73 /* rwpng.c in Sources */,
				5A728F6D1836C1D4004D0D73 /* rwpng_cocoa.m in Sources */,
				5A2297151F1900A9002BE8D1 /* pngquant_opts.c in Sources */,
			);
			runOnlyForDeploymentPostprocessing = 0;
		};
/* End PBXSourcesBuildPhase section */

/* Begin PBXTargetDependency section */
		5A145DFC1836C46200DA10F4 /* PBXTargetDependency */ = {
			isa = PBXTargetDependency;
			name = libpng;
			targetProxy = 5A145DFB1836C46200DA10F4 /* PBXContainerItemProxy */;
		};
		5A728F701836C1E5004D0D73 /* PBXTargetDependency */ = {
			isa = PBXTargetDependency;
			target = 5A728F471836C185004D0D73 /* imagequant */;
			targetProxy = 5A728F6F1836C1E5004D0D73 /* PBXContainerItemProxy */;
		};
		5AD202861B52A437000D4FF2 /* PBXTargetDependency */ = {
			isa = PBXTargetDependency;
			target = 5AD2027D1B52A3E7000D4FF2 /* download */;
			targetProxy = 5AD202851B52A437000D4FF2 /* PBXContainerItemProxy */;
		};
/* End PBXTargetDependency section */

/* Begin XCBuildConfiguration section */
		1DEB928608733DD80010E9CD /* Debug */ = {
			isa = XCBuildConfiguration;
			buildSettings = {
				GCC_VERSION = "";
				HEADER_SEARCH_PATHS = (
					"$(inherited)",
					../libpng/,
				);
				INSTALL_PATH = /usr/local/bin;
				LIBRARY_SEARCH_PATHS = "";
				PRODUCT_NAME = pngquant;
			};
			name = Debug;
		};
		1DEB928708733DD80010E9CD /* Release */ = {
			isa = XCBuildConfiguration;
			buildSettings = {
				GCC_VERSION = "";
				HEADER_SEARCH_PATHS = (
					"$(inherited)",
					../libpng/,
				);
				INSTALL_PATH = /usr/local/bin;
				LIBRARY_SEARCH_PATHS = "";
				PRODUCT_NAME = pngquant;
			};
			name = Release;
		};
		1DEB928A08733DD80010E9CD /* Debug */ = {
			isa = XCBuildConfiguration;
			baseConfigurationReference = 5AED10E9139BD4C900FF5C69 /* debug.xcconfig */;
			buildSettings = {
				ENABLE_TESTABILITY = YES;
				GCC_PREPROCESSOR_DEFINITIONS = (
					HAVE_CONFIG_H,
					PNG_CONFIGURE_LIBPNG,
					USE_COCOA,
				);
				ONLY_ACTIVE_ARCH = YES;
			};
			name = Debug;
		};
		1DEB928B08733DD80010E9CD /* Release */ = {
			isa = XCBuildConfiguration;
			baseConfigurationReference = 5AED10E8139BD4C900FF5C69 /* release.xcconfig */;
			buildSettings = {
				GCC_PREPROCESSOR_DEFINITIONS = (
					NDEBUG,
					HAVE_CONFIG_H,
					PNG_CONFIGURE_LIBPNG,
					USE_COCOA,
				);
			};
			name = Release;
		};
		5A728F4A1836C185004D0D73 /* Debug */ = {
			isa = XCBuildConfiguration;
			buildSettings = {
				EXECUTABLE_PREFIX = lib;
				PRODUCT_NAME = "$(TARGET_NAME)";
			};
			name = Debug;
		};
		5A728F4B1836C185004D0D73 /* Release */ = {
			isa = XCBuildConfiguration;
			buildSettings = {
				EXECUTABLE_PREFIX = lib;
				PRODUCT_NAME = "$(TARGET_NAME)";
			};
			name = Release;
		};
		5AD2027E1B52A3E7000D4FF2 /* Debug */ = {
			isa = XCBuildConfiguration;
			buildSettings = {
				PRODUCT_NAME = "$(TARGET_NAME)";
			};
			name = Debug;
		};
		5AD2027F1B52A3E7000D4FF2 /* Release */ = {
			isa = XCBuildConfiguration;
			buildSettings = {
				PRODUCT_NAME = "$(TARGET_NAME)";
			};
			name = Release;
		};
/* End XCBuildConfiguration section */

/* Begin XCConfigurationList section */
		1DEB928508733DD80010E9CD /* Build configuration list for PBXNativeTarget "pngquant" */ = {
			isa = XCConfigurationList;
			buildConfigurations = (
				1DEB928608733DD80010E9CD /* Debug */,
				1DEB928708733DD80010E9CD /* Release */,
			);
			defaultConfigurationIsVisible = 0;
			defaultConfigurationName = Release;
		};
		1DEB928908733DD80010E9CD /* Build configuration list for PBXProject "pngquant" */ = {
			isa = XCConfigurationList;
			buildConfigurations = (
				1DEB928A08733DD80010E9CD /* Debug */,
				1DEB928B08733DD80010E9CD /* Release */,
			);
			defaultConfigurationIsVisible = 0;
			defaultConfigurationName = Release;
		};
		5A728F491836C185004D0D73 /* Build configuration list for PBXNativeTarget "imagequant" */ = {
			isa = XCConfigurationList;
			buildConfigurations = (
				5A728F4A1836C185004D0D73 /* Debug */,
				5A728F4B1836C185004D0D73 /* Release */,
			);
			defaultConfigurationIsVisible = 0;
			defaultConfigurationName = Release;
		};
		5AD202831B52A3E7000D4FF2 /* Build configuration list for PBXLegacyTarget "download" */ = {
			isa = XCConfigurationList;
			buildConfigurations = (
				5AD2027E1B52A3E7000D4FF2 /* Debug */,
				5AD2027F1B52A3E7000D4FF2 /* Release */,
			);
			defaultConfigurationIsVisible = 0;
			defaultConfigurationName = Release;
		};
/* End XCConfigurationList section */
	};
	rootObject = 08FB7793FE84155DC02AAC07 /* Project object */;
}
