// !$*UTF8*$!
{
	archiveVersion = 1;
	classes = {
	};
	objectVersion = 46;
	objects = {

/* Begin PBXBuildFile section */
		5A4DC4331029FFB700A9DD55 /* fz.c in Sources */ = {isa = PBXBuildFile; fileRef = 5A81664A0EA117B600962CF2 /* fz.c */; };
		5A8166360EA117B100962CF2 /* repng.cc in Sources */ = {isa = PBXBuildFile; fileRef = 5A81662D0EA117B100962CF2 /* repng.cc */; };
		5A8166370EA117B100962CF2 /* siglock.cc in Sources */ = {isa = PBXBuildFile; fileRef = 5A81662E0EA117B100962CF2 /* siglock.cc */; };
		5A8166380EA117B100962CF2 /* file.cc in Sources */ = {isa = PBXBuildFile; fileRef = 5A81662F0EA117B100962CF2 /* file.cc */; };
		5A8166390EA117B100962CF2 /* compress.cc in Sources */ = {isa = PBXBuildFile; fileRef = 5A8166300EA117B100962CF2 /* compress.cc */; };
		5A81663A0EA117B100962CF2 /* data.cc in Sources */ = {isa = PBXBuildFile; fileRef = 5A8166310EA117B100962CF2 /* data.cc */; };
		5A81663B0EA117B100962CF2 /* getopt.c in Sources */ = {isa = PBXBuildFile; fileRef = 5A8166320EA117B100962CF2 /* getopt.c */; };
		5A81663C0EA117B100962CF2 /* pngex.cc in Sources */ = {isa = PBXBuildFile; fileRef = 5A8166330EA117B100962CF2 /* pngex.cc */; };
		5A81663E0EA117B100962CF2 /* snprintf.c in Sources */ = {isa = PBXBuildFile; fileRef = 5A8166350EA117B100962CF2 /* snprintf.c */; };
		5A8166530EA117B600962CF2 /* error.c in Sources */ = {isa = PBXBuildFile; fileRef = 5A8166470EA117B600962CF2 /* error.c */; };
		5A8166560EA117B600962CF2 /* png.c in Sources */ = {isa = PBXBuildFile; fileRef = 5A81664E0EA117B600962CF2 /* png.c */; };
		5A8166950EA117BB00962CF2 /* 7zdeflate.cc in Sources */ = {isa = PBXBuildFile; fileRef = 5A81665A0EA117BB00962CF2 /* 7zdeflate.cc */; };
		5A8166960EA117BB00962CF2 /* 7zlzma.cc in Sources */ = {isa = PBXBuildFile; fileRef = 5A81665B0EA117BB00962CF2 /* 7zlzma.cc */; };
		5A8166970EA117BB00962CF2 /* AriBitCoder.cc in Sources */ = {isa = PBXBuildFile; fileRef = 5A81665C0EA117BB00962CF2 /* AriBitCoder.cc */; };
		5A8166980EA117BB00962CF2 /* CRC.cc in Sources */ = {isa = PBXBuildFile; fileRef = 5A8166700EA117BB00962CF2 /* CRC.cc */; };
		5A8166990EA117BB00962CF2 /* DeflateDecoder.cc in Sources */ = {isa = PBXBuildFile; fileRef = 5A8166720EA117BB00962CF2 /* DeflateDecoder.cc */; };
		5A81669A0EA117BB00962CF2 /* DeflateEncoder.cc in Sources */ = {isa = PBXBuildFile; fileRef = 5A8166740EA117BB00962CF2 /* DeflateEncoder.cc */; };
		5A81669B0EA117BB00962CF2 /* HuffmanEncoder.cc in Sources */ = {isa = PBXBuildFile; fileRef = 5A8166770EA117BB00962CF2 /* HuffmanEncoder.cc */; };
		5A81669C0EA117BB00962CF2 /* IInOutStreams.cc in Sources */ = {isa = PBXBuildFile; fileRef = 5A8166790EA117BB00962CF2 /* IInOutStreams.cc */; };
		5A81669D0EA117BB00962CF2 /* InByte.cc in Sources */ = {isa = PBXBuildFile; fileRef = 5A81667B0EA117BB00962CF2 /* InByte.cc */; };
		5A81669E0EA117BB00962CF2 /* LenCoder.cc in Sources */ = {isa = PBXBuildFile; fileRef = 5A81667D0EA117BB00962CF2 /* LenCoder.cc */; };
		5A81669F0EA117BB00962CF2 /* LiteralCoder.cc in Sources */ = {isa = PBXBuildFile; fileRef = 5A81667F0EA117BB00962CF2 /* LiteralCoder.cc */; };
		5A8166A00EA117BB00962CF2 /* LSBFDecoder.cc in Sources */ = {isa = PBXBuildFile; fileRef = 5A8166810EA117BB00962CF2 /* LSBFDecoder.cc */; };
		5A8166A10EA117BB00962CF2 /* LSBFEncoder.cc in Sources */ = {isa = PBXBuildFile; fileRef = 5A8166830EA117BB00962CF2 /* LSBFEncoder.cc */; };
		5A8166A20EA117BB00962CF2 /* LZMA.cc in Sources */ = {isa = PBXBuildFile; fileRef = 5A8166850EA117BB00962CF2 /* LZMA.cc */; };
		5A8166A30EA117BB00962CF2 /* LZMADecoder.cc in Sources */ = {isa = PBXBuildFile; fileRef = 5A8166870EA117BB00962CF2 /* LZMADecoder.cc */; };
		5A8166A40EA117BB00962CF2 /* LZMAEncoder.cc in Sources */ = {isa = PBXBuildFile; fileRef = 5A8166890EA117BB00962CF2 /* LZMAEncoder.cc */; };
		5A8166A50EA117BB00962CF2 /* OutByte.cc in Sources */ = {isa = PBXBuildFile; fileRef = 5A81668B0EA117BB00962CF2 /* OutByte.cc */; };
		5A8166A60EA117BB00962CF2 /* WindowIn.cc in Sources */ = {isa = PBXBuildFile; fileRef = 5A8166910EA117BB00962CF2 /* WindowIn.cc */; };
		5A8166A70EA117BB00962CF2 /* WindowOut.cc in Sources */ = {isa = PBXBuildFile; fileRef = 5A8166930EA117BB00962CF2 /* WindowOut.cc */; };
		5AE3081E214E948500F8D489 /* libstatic.a in Frameworks */ = {isa = PBXBuildFile; fileRef = 5A05264013D8DABD00BA0213 /* libstatic.a */; };
		DB716F751853E13D00AA7771 /* snstring.c in Sources */ = {isa = PBXBuildFile; fileRef = DB716F731853E13D00AA7771 /* snstring.c */; };
/* End PBXBuildFile section */

/* Begin PBXContainerItemProxy section */
		5A05263F13D8DABD00BA0213 /* PBXContainerItemProxy */ = {
			isa = PBXContainerItemProxy;
			containerPortal = 5A19439E0FF982D4007C3324 /* libpng.xcodeproj */;
			proxyType = 2;
			remoteGlobalIDString = 5AC2B4D613394EDA00376783;
			remoteInfo = static;
		};
		5A7439C7111DA4EF001C2D27 /* PBXContainerItemProxy */ = {
			isa = PBXContainerItemProxy;
			containerPortal = 5A19439E0FF982D4007C3324 /* libpng.xcodeproj */;
			proxyType = 2;
			remoteGlobalIDString = D2AAC0630554660B00DB518D;
			remoteInfo = libpng;
		};
		5A984B131123821A007622D7 /* PBXContainerItemProxy */ = {
			isa = PBXContainerItemProxy;
			containerPortal = 5A19439E0FF982D4007C3324 /* libpng.xcodeproj */;
			proxyType = 1;
			remoteGlobalIDString = D2AAC0620554660B00DB518D;
			remoteInfo = libpng;
		};
		5A984B2B112382B4007622D7 /* PBXContainerItemProxy */ = {
			isa = PBXContainerItemProxy;
			containerPortal = 08FB7793FE84155DC02AAC07 /* Project object */;
			proxyType = 1;
			remoteGlobalIDString = 5A984B2111238282007622D7;
			remoteInfo = download;
		};
		5F3908042189D0900068035B /* PBXContainerItemProxy */ = {
			isa = PBXContainerItemProxy;
			containerPortal = 5A19439E0FF982D4007C3324 /* libpng.xcodeproj */;
			proxyType = 1;
			remoteGlobalIDString = 5AC2B4D513394EDA00376783;
			remoteInfo = static;
		};
/* End PBXContainerItemProxy section */

/* Begin PBXFileReference section */
		5A19439E0FF982D4007C3324 /* libpng.xcodeproj */ = {isa = PBXFileReference; lastKnownFileType = "wrapper.pb-project"; name = libpng.xcodeproj; path = ../libpng/libpng.xcodeproj; sourceTree = SOURCE_ROOT; };
		5A27BA02139B08A00095FC2F /* release.xcconfig */ = {isa = PBXFileReference; fileEncoding = 4; lastKnownFileType = text.xcconfig; name = release.xcconfig; path = ../imageoptim/release.xcconfig; sourceTree = SOURCE_ROOT; };
		5A27BA03139B08A00095FC2F /* debug.xcconfig */ = {isa = PBXFileReference; fileEncoding = 4; lastKnownFileType = text.xcconfig; name = debug.xcconfig; path = ../imageoptim/debug.xcconfig; sourceTree = SOURCE_ROOT; };
		5A8166260EA117B100962CF2 /* compress.h */ = {isa = PBXFileReference; fileEncoding = 4; lastKnownFileType = sourcecode.c.h; path = compress.h; sourceTree = SOURCE_ROOT; };
		5A8166270EA117B100962CF2 /* config.h */ = {isa = PBXFileReference; fileEncoding = 4; lastKnownFileType = sourcecode.c.h; path = config.h; sourceTree = SOURCE_ROOT; };
		5A8166280EA117B100962CF2 /* data.h */ = {isa = PBXFileReference; fileEncoding = 4; lastKnownFileType = sourcecode.c.h; path = data.h; sourceTree = SOURCE_ROOT; };
		5A81662A0EA117B100962CF2 /* pngex.h */ = {isa = PBXFileReference; fileEncoding = 4; lastKnownFileType = sourcecode.c.h; path = pngex.h; sourceTree = SOURCE_ROOT; };
		5A81662B0EA117B100962CF2 /* portable.h */ = {isa = PBXFileReference; fileEncoding = 4; lastKnownFileType = sourcecode.c.h; path = portable.h; sourceTree = SOURCE_ROOT; };
		5A81662C0EA117B100962CF2 /* siglock.h */ = {isa = PBXFileReference; fileEncoding = 4; lastKnownFileType = sourcecode.c.h; path = siglock.h; sourceTree = SOURCE_ROOT; };
		5A81662D0EA117B100962CF2 /* repng.cc */ = {isa = PBXFileReference; fileEncoding = 4; lastKnownFileType = sourcecode.cpp.cpp; path = repng.cc; sourceTree = SOURCE_ROOT; };
		5A81662E0EA117B100962CF2 /* siglock.cc */ = {isa = PBXFileReference; fileEncoding = 4; lastKnownFileType = sourcecode.cpp.cpp; path = siglock.cc; sourceTree = SOURCE_ROOT; };
		5A81662F0EA117B100962CF2 /* file.cc */ = {isa = PBXFileReference; fileEncoding = 4; lastKnownFileType = sourcecode.cpp.cpp; path = file.cc; sourceTree = SOURCE_ROOT; };
		5A8166300EA117B100962CF2 /* compress.cc */ = {isa = PBXFileReference; fileEncoding = 4; lastKnownFileType = sourcecode.cpp.cpp; path = compress.cc; sourceTree = SOURCE_ROOT; };
		5A8166310EA117B100962CF2 /* data.cc */ = {isa = PBXFileReference; fileEncoding = 4; lastKnownFileType = sourcecode.cpp.cpp; path = data.cc; sourceTree = SOURCE_ROOT; };
		5A8166320EA117B100962CF2 /* getopt.c */ = {isa = PBXFileReference; fileEncoding = 4; lastKnownFileType = sourcecode.c.c; path = getopt.c; sourceTree = SOURCE_ROOT; };
		5A8166330EA117B100962CF2 /* pngex.cc */ = {isa = PBXFileReference; fileEncoding = 4; lastKnownFileType = sourcecode.cpp.cpp; path = pngex.cc; sourceTree = SOURCE_ROOT; };
		5A8166350EA117B100962CF2 /* snprintf.c */ = {isa = PBXFileReference; fileEncoding = 4; lastKnownFileType = sourcecode.c.c; path = snprintf.c; sourceTree = SOURCE_ROOT; };
		5A8166460EA117B600962CF2 /* endianrw.h */ = {isa = PBXFileReference; fileEncoding = 4; lastKnownFileType = sourcecode.c.h; name = endianrw.h; path = lib/endianrw.h; sourceTree = SOURCE_ROOT; };
		5A8166470EA117B600962CF2 /* error.c */ = {isa = PBXFileReference; fileEncoding = 4; lastKnownFileType = sourcecode.c.c; name = error.c; path = lib/error.c; sourceTree = SOURCE_ROOT; };
		5A8166480EA117B600962CF2 /* error.h */ = {isa = PBXFileReference; fileEncoding = 4; lastKnownFileType = sourcecode.c.h; name = error.h; path = lib/error.h; sourceTree = SOURCE_ROOT; };
		5A8166490EA117B600962CF2 /* extra.h */ = {isa = PBXFileReference; fileEncoding = 4; lastKnownFileType = sourcecode.c.h; name = extra.h; path = lib/extra.h; sourceTree = SOURCE_ROOT; };
		5A81664A0EA117B600962CF2 /* fz.c */ = {isa = PBXFileReference; fileEncoding = 4; lastKnownFileType = sourcecode.c.c; name = fz.c; path = lib/fz.c; sourceTree = SOURCE_ROOT; };
		5A81664B0EA117B600962CF2 /* fz.h */ = {isa = PBXFileReference; fileEncoding = 4; lastKnownFileType = sourcecode.c.h; name = fz.h; path = lib/fz.h; sourceTree = SOURCE_ROOT; };
		5A81664E0EA117B600962CF2 /* png.c */ = {isa = PBXFileReference; fileEncoding = 4; lastKnownFileType = sourcecode.c.c; name = png.c; path = lib/png.c; sourceTree = SOURCE_ROOT; };
		5A81664F0EA117B600962CF2 /* png.h */ = {isa = PBXFileReference; fileEncoding = 4; lastKnownFileType = sourcecode.c.h; name = png.h; path = lib/png.h; sourceTree = SOURCE_ROOT; };
		5A8166590EA117BB00962CF2 /* 7z.h */ = {isa = PBXFileReference; fileEncoding = 4; lastKnownFileType = sourcecode.c.h; path = 7z.h; sourceTree = "<group>"; };
		5A81665A0EA117BB00962CF2 /* 7zdeflate.cc */ = {isa = PBXFileReference; fileEncoding = 4; lastKnownFileType = sourcecode.cpp.cpp; path = 7zdeflate.cc; sourceTree = "<group>"; };
		5A81665B0EA117BB00962CF2 /* 7zlzma.cc */ = {isa = PBXFileReference; fileEncoding = 4; lastKnownFileType = sourcecode.cpp.cpp; path = 7zlzma.cc; sourceTree = "<group>"; };
		5A81665C0EA117BB00962CF2 /* AriBitCoder.cc */ = {isa = PBXFileReference; fileEncoding = 4; lastKnownFileType = sourcecode.cpp.cpp; path = AriBitCoder.cc; sourceTree = "<group>"; };
		5A81665D0EA117BB00962CF2 /* AriBitCoder.h */ = {isa = PBXFileReference; fileEncoding = 4; lastKnownFileType = sourcecode.c.h; path = AriBitCoder.h; sourceTree = "<group>"; };
		5A81665E0EA117BB00962CF2 /* AriConst.h */ = {isa = PBXFileReference; fileEncoding = 4; lastKnownFileType = sourcecode.c.h; path = AriConst.h; sourceTree = "<group>"; };
		5A81665F0EA117BB00962CF2 /* AriPrice.h */ = {isa = PBXFileReference; fileEncoding = 4; lastKnownFileType = sourcecode.c.h; path = AriPrice.h; sourceTree = "<group>"; };
		5A8166600EA117BB00962CF2 /* BinTree.h */ = {isa = PBXFileReference; fileEncoding = 4; lastKnownFileType = sourcecode.c.h; path = BinTree.h; sourceTree = "<group>"; };
		5A8166610EA117BB00962CF2 /* BinTree2.h */ = {isa = PBXFileReference; fileEncoding = 4; lastKnownFileType = sourcecode.c.h; path = BinTree2.h; sourceTree = "<group>"; };
		5A8166620EA117BB00962CF2 /* BinTree2Main.h */ = {isa = PBXFileReference; fileEncoding = 4; lastKnownFileType = sourcecode.c.h; path = BinTree2Main.h; sourceTree = "<group>"; };
		5A8166630EA117BB00962CF2 /* BinTree3.h */ = {isa = PBXFileReference; fileEncoding = 4; lastKnownFileType = sourcecode.c.h; path = BinTree3.h; sourceTree = "<group>"; };
		5A8166640EA117BB00962CF2 /* BinTree3Main.h */ = {isa = PBXFileReference; fileEncoding = 4; lastKnownFileType = sourcecode.c.h; path = BinTree3Main.h; sourceTree = "<group>"; };
		5A8166650EA117BB00962CF2 /* BinTree3Z.h */ = {isa = PBXFileReference; fileEncoding = 4; lastKnownFileType = sourcecode.c.h; path = BinTree3Z.h; sourceTree = "<group>"; };
		5A8166660EA117BB00962CF2 /* BinTree3ZMain.h */ = {isa = PBXFileReference; fileEncoding = 4; lastKnownFileType = sourcecode.c.h; path = BinTree3ZMain.h; sourceTree = "<group>"; };
		5A8166670EA117BB00962CF2 /* BinTree4.h */ = {isa = PBXFileReference; fileEncoding = 4; lastKnownFileType = sourcecode.c.h; path = BinTree4.h; sourceTree = "<group>"; };
		5A8166680EA117BB00962CF2 /* BinTree4b.h */ = {isa = PBXFileReference; fileEncoding = 4; lastKnownFileType = sourcecode.c.h; path = BinTree4b.h; sourceTree = "<group>"; };
		5A8166690EA117BB00962CF2 /* BinTree4bMain.h */ = {isa = PBXFileReference; fileEncoding = 4; lastKnownFileType = sourcecode.c.h; path = BinTree4bMain.h; sourceTree = "<group>"; };
		5A81666A0EA117BB00962CF2 /* BinTree4Main.h */ = {isa = PBXFileReference; fileEncoding = 4; lastKnownFileType = sourcecode.c.h; path = BinTree4Main.h; sourceTree = "<group>"; };
		5A81666B0EA117BB00962CF2 /* BinTreeMain.h */ = {isa = PBXFileReference; fileEncoding = 4; lastKnownFileType = sourcecode.c.h; path = BinTreeMain.h; sourceTree = "<group>"; };
		5A81666C0EA117BB00962CF2 /* BinTreeMF.h */ = {isa = PBXFileReference; fileEncoding = 4; lastKnownFileType = sourcecode.c.h; path = BinTreeMF.h; sourceTree = "<group>"; };
		5A81666D0EA117BB00962CF2 /* BinTreeMFMain.h */ = {isa = PBXFileReference; fileEncoding = 4; lastKnownFileType = sourcecode.c.h; path = BinTreeMFMain.h; sourceTree = "<group>"; };
		5A81666E0EA117BB00962CF2 /* BitTreeCoder.h */ = {isa = PBXFileReference; fileEncoding = 4; lastKnownFileType = sourcecode.c.h; path = BitTreeCoder.h; sourceTree = "<group>"; };
		5A81666F0EA117BB00962CF2 /* Const.h */ = {isa = PBXFileReference; fileEncoding = 4; lastKnownFileType = sourcecode.c.h; path = Const.h; sourceTree = "<group>"; };
		5A8166700EA117BB00962CF2 /* CRC.cc */ = {isa = PBXFileReference; fileEncoding = 4; lastKnownFileType = sourcecode.cpp.cpp; path = CRC.cc; sourceTree = "<group>"; };
		5A8166710EA117BB00962CF2 /* CRC.h */ = {isa = PBXFileReference; fileEncoding = 4; lastKnownFileType = sourcecode.c.h; path = CRC.h; sourceTree = "<group>"; };
		5A8166720EA117BB00962CF2 /* DeflateDecoder.cc */ = {isa = PBXFileReference; fileEncoding = 4; lastKnownFileType = sourcecode.cpp.cpp; path = DeflateDecoder.cc; sourceTree = "<group>"; };
		5A8166730EA117BB00962CF2 /* DeflateDecoder.h */ = {isa = PBXFileReference; fileEncoding = 4; lastKnownFileType = sourcecode.c.h; path = DeflateDecoder.h; sourceTree = "<group>"; };
		5A8166740EA117BB00962CF2 /* DeflateEncoder.cc */ = {isa = PBXFileReference; fileEncoding = 4; lastKnownFileType = sourcecode.cpp.cpp; path = DeflateEncoder.cc; sourceTree = "<group>"; };
		5A8166750EA117BB00962CF2 /* DeflateEncoder.h */ = {isa = PBXFileReference; fileEncoding = 4; lastKnownFileType = sourcecode.c.h; path = DeflateEncoder.h; sourceTree = "<group>"; };
		5A8166760EA117BB00962CF2 /* HuffmanDecoder.h */ = {isa = PBXFileReference; fileEncoding = 4; lastKnownFileType = sourcecode.c.h; path = HuffmanDecoder.h; sourceTree = "<group>"; };
		5A8166770EA117BB00962CF2 /* HuffmanEncoder.cc */ = {isa = PBXFileReference; fileEncoding = 4; lastKnownFileType = sourcecode.cpp.cpp; path = HuffmanEncoder.cc; sourceTree = "<group>"; };
		5A8166780EA117BB00962CF2 /* HuffmanEncoder.h */ = {isa = PBXFileReference; fileEncoding = 4; lastKnownFileType = sourcecode.c.h; path = HuffmanEncoder.h; sourceTree = "<group>"; };
		5A8166790EA117BB00962CF2 /* IInOutStreams.cc */ = {isa = PBXFileReference; fileEncoding = 4; lastKnownFileType = sourcecode.cpp.cpp; path = IInOutStreams.cc; sourceTree = "<group>"; };
		5A81667A0EA117BB00962CF2 /* IInOutStreams.h */ = {isa = PBXFileReference; fileEncoding = 4; lastKnownFileType = sourcecode.c.h; path = IInOutStreams.h; sourceTree = "<group>"; };
		5A81667B0EA117BB00962CF2 /* InByte.cc */ = {isa = PBXFileReference; fileEncoding = 4; lastKnownFileType = sourcecode.cpp.cpp; path = InByte.cc; sourceTree = "<group>"; };
		5A81667C0EA117BB00962CF2 /* InByte.h */ = {isa = PBXFileReference; fileEncoding = 4; lastKnownFileType = sourcecode.c.h; path = InByte.h; sourceTree = "<group>"; };
		5A81667D0EA117BB00962CF2 /* LenCoder.cc */ = {isa = PBXFileReference; fileEncoding = 4; lastKnownFileType = sourcecode.cpp.cpp; path = LenCoder.cc; sourceTree = "<group>"; };
		5A81667E0EA117BB00962CF2 /* LenCoder.h */ = {isa = PBXFileReference; fileEncoding = 4; lastKnownFileType = sourcecode.c.h; path = LenCoder.h; sourceTree = "<group>"; };
		5A81667F0EA117BB00962CF2 /* LiteralCoder.cc */ = {isa = PBXFileReference; fileEncoding = 4; lastKnownFileType = sourcecode.cpp.cpp; path = LiteralCoder.cc; sourceTree = "<group>"; };
		5A8166800EA117BB00962CF2 /* LiteralCoder.h */ = {isa = PBXFileReference; fileEncoding = 4; lastKnownFileType = sourcecode.c.h; path = LiteralCoder.h; sourceTree = "<group>"; };
		5A8166810EA117BB00962CF2 /* LSBFDecoder.cc */ = {isa = PBXFileReference; fileEncoding = 4; lastKnownFileType = sourcecode.cpp.cpp; path = LSBFDecoder.cc; sourceTree = "<group>"; };
		5A8166820EA117BB00962CF2 /* LSBFDecoder.h */ = {isa = PBXFileReference; fileEncoding = 4; lastKnownFileType = sourcecode.c.h; path = LSBFDecoder.h; sourceTree = "<group>"; };
		5A8166830EA117BB00962CF2 /* LSBFEncoder.cc */ = {isa = PBXFileReference; fileEncoding = 4; lastKnownFileType = sourcecode.cpp.cpp; path = LSBFEncoder.cc; sourceTree = "<group>"; };
		5A8166840EA117BB00962CF2 /* LSBFEncoder.h */ = {isa = PBXFileReference; fileEncoding = 4; lastKnownFileType = sourcecode.c.h; path = LSBFEncoder.h; sourceTree = "<group>"; };
		5A8166850EA117BB00962CF2 /* LZMA.cc */ = {isa = PBXFileReference; fileEncoding = 4; lastKnownFileType = sourcecode.cpp.cpp; path = LZMA.cc; sourceTree = "<group>"; };
		5A8166860EA117BB00962CF2 /* LZMA.h */ = {isa = PBXFileReference; fileEncoding = 4; lastKnownFileType = sourcecode.c.h; path = LZMA.h; sourceTree = "<group>"; };
		5A8166870EA117BB00962CF2 /* LZMADecoder.cc */ = {isa = PBXFileReference; fileEncoding = 4; lastKnownFileType = sourcecode.cpp.cpp; path = LZMADecoder.cc; sourceTree = "<group>"; };
		5A8166880EA117BB00962CF2 /* LZMADecoder.h */ = {isa = PBXFileReference; fileEncoding = 4; lastKnownFileType = sourcecode.c.h; path = LZMADecoder.h; sourceTree = "<group>"; };
		5A8166890EA117BB00962CF2 /* LZMAEncoder.cc */ = {isa = PBXFileReference; fileEncoding = 4; lastKnownFileType = sourcecode.cpp.cpp; path = LZMAEncoder.cc; sourceTree = "<group>"; };
		5A81668A0EA117BB00962CF2 /* LZMAEncoder.h */ = {isa = PBXFileReference; fileEncoding = 4; lastKnownFileType = sourcecode.c.h; path = LZMAEncoder.h; sourceTree = "<group>"; };
		5A81668B0EA117BB00962CF2 /* OutByte.cc */ = {isa = PBXFileReference; fileEncoding = 4; lastKnownFileType = sourcecode.cpp.cpp; path = OutByte.cc; sourceTree = "<group>"; };
		5A81668C0EA117BB00962CF2 /* OutByte.h */ = {isa = PBXFileReference; fileEncoding = 4; lastKnownFileType = sourcecode.c.h; path = OutByte.h; sourceTree = "<group>"; };
		5A81668E0EA117BB00962CF2 /* RangeCoder.h */ = {isa = PBXFileReference; fileEncoding = 4; lastKnownFileType = sourcecode.c.h; path = RangeCoder.h; sourceTree = "<group>"; };
		5A81668F0EA117BB00962CF2 /* RCDefs.h */ = {isa = PBXFileReference; fileEncoding = 4; lastKnownFileType = sourcecode.c.h; path = RCDefs.h; sourceTree = "<group>"; };
		5A8166900EA117BB00962CF2 /* README */ = {isa = PBXFileReference; fileEncoding = 4; lastKnownFileType = text; path = README; sourceTree = "<group>"; };
		5A8166910EA117BB00962CF2 /* WindowIn.cc */ = {isa = PBXFileReference; fileEncoding = 4; lastKnownFileType = sourcecode.cpp.cpp; path = WindowIn.cc; sourceTree = "<group>"; };
		5A8166920EA117BB00962CF2 /* WindowIn.h */ = {isa = PBXFileReference; fileEncoding = 4; lastKnownFileType = sourcecode.c.h; path = WindowIn.h; sourceTree = "<group>"; };
		5A8166930EA117BB00962CF2 /* WindowOut.cc */ = {isa = PBXFileReference; fileEncoding = 4; lastKnownFileType = sourcecode.cpp.cpp; path = WindowOut.cc; sourceTree = "<group>"; };
		5A8166940EA117BB00962CF2 /* WindowOut.h */ = {isa = PBXFileReference; fileEncoding = 4; lastKnownFileType = sourcecode.c.h; path = WindowOut.h; sourceTree = "<group>"; };
		8DD76FB20486AB0100D96B5E /* advpng */ = {isa = PBXFileReference; explicitFileType = "compiled.mach-o.executable"; includeInIndex = 0; path = advpng; sourceTree = BUILT_PRODUCTS_DIR; };
		DB716F731853E13D00AA7771 /* snstring.c */ = {isa = PBXFileReference; fileEncoding = 4; lastKnownFileType = sourcecode.c.c; path = snstring.c; sourceTree = "<group>"; };
		DB716F741853E13D00AA7771 /* snstring.h */ = {isa = PBXFileReference; fileEncoding = 4; lastKnownFileType = sourcecode.c.h; path = snstring.h; sourceTree = "<group>"; };
/* End PBXFileReference section */

/* Begin PBXFrameworksBuildPhase section */
		8DD76FAD0486AB0100D96B5E /* Frameworks */ = {
			isa = PBXFrameworksBuildPhase;
			buildActionMask = 2147483647;
			files = (
				5AE3081E214E948500F8D489 /* libstatic.a in Frameworks */,
			);
			runOnlyForDeploymentPostprocessing = 0;
		};
/* End PBXFrameworksBuildPhase section */

/* Begin PBXGroup section */
		08FB7794FE84155DC02AAC07 /* advpng */ = {
			isa = PBXGroup;
			children = (
				5A19439E0FF982D4007C3324 /* libpng.xcodeproj */,
				08FB7795FE84155DC02AAC07 /* advancecomp */,
				5A27BA02139B08A00095FC2F /* release.xcconfig */,
				5A27BA03139B08A00095FC2F /* debug.xcconfig */,
				1AB674ADFE9D54B511CA2CBB /* Products */,
				5AE3081A214E948500F8D489 /* Frameworks */,
			);
			name = advpng;
			sourceTree = "<group>";
		};
		08FB7795FE84155DC02AAC07 /* advancecomp */ = {
			isa = PBXGroup;
			children = (
				5A8166580EA117BB00962CF2 /* 7z */,
				5A8166410EA117B600962CF2 /* lib */,
				5A8166300EA117B100962CF2 /* compress.cc */,
				5A8166260EA117B100962CF2 /* compress.h */,
				5A8166270EA117B100962CF2 /* config.h */,
				5A8166310EA117B100962CF2 /* data.cc */,
				5A8166280EA117B100962CF2 /* data.h */,
				5A81662F0EA117B100962CF2 /* file.cc */,
				5A8166320EA117B100962CF2 /* getopt.c */,
				5A8166330EA117B100962CF2 /* pngex.cc */,
				5A81662A0EA117B100962CF2 /* pngex.h */,
				5A81662B0EA117B100962CF2 /* portable.h */,
				5A81662D0EA117B100962CF2 /* repng.cc */,
				5A81662E0EA117B100962CF2 /* siglock.cc */,
				5A81662C0EA117B100962CF2 /* siglock.h */,
				5A8166350EA117B100962CF2 /* snprintf.c */,
			);
			name = advancecomp;
			sourceTree = "<group>";
		};
		1AB674ADFE9D54B511CA2CBB /* Products */ = {
			isa = PBXGroup;
			children = (
				8DD76FB20486AB0100D96B5E /* advpng */,
			);
			name = Products;
			sourceTree = "<group>";
		};
		5A7439C4111DA4EF001C2D27 /* Products */ = {
			isa = PBXGroup;
			children = (
				5A7439C8111DA4EF001C2D27 /* liblibpng.dylib */,
				5A05264013D8DABD00BA0213 /* libstatic.a */,
			);
			name = Products;
			sourceTree = "<group>";
		};
		5A8166410EA117B600962CF2 /* lib */ = {
			isa = PBXGroup;
			children = (
				5A8166460EA117B600962CF2 /* endianrw.h */,
				5A8166470EA117B600962CF2 /* error.c */,
				5A8166480EA117B600962CF2 /* error.h */,
				5A8166490EA117B600962CF2 /* extra.h */,
				5A81664A0EA117B600962CF2 /* fz.c */,
				5A81664B0EA117B600962CF2 /* fz.h */,
				5A81664E0EA117B600962CF2 /* png.c */,
				5A81664F0EA117B600962CF2 /* png.h */,
				DB716F731853E13D00AA7771 /* snstring.c */,
				DB716F741853E13D00AA7771 /* snstring.h */,
			);
			path = lib;
			sourceTree = SOURCE_ROOT;
		};
		5A8166580EA117BB00962CF2 /* 7z */ = {
			isa = PBXGroup;
			children = (
				5A8166900EA117BB00962CF2 /* README */,
				5A8166590EA117BB00962CF2 /* 7z.h */,
				5A81665A0EA117BB00962CF2 /* 7zdeflate.cc */,
				5A81665B0EA117BB00962CF2 /* 7zlzma.cc */,
				5A81665C0EA117BB00962CF2 /* AriBitCoder.cc */,
				5A81665D0EA117BB00962CF2 /* AriBitCoder.h */,
				5A81665E0EA117BB00962CF2 /* AriConst.h */,
				5A81665F0EA117BB00962CF2 /* AriPrice.h */,
				5A8166600EA117BB00962CF2 /* BinTree.h */,
				5A8166610EA117BB00962CF2 /* BinTree2.h */,
				5A8166620EA117BB00962CF2 /* BinTree2Main.h */,
				5A8166630EA117BB00962CF2 /* BinTree3.h */,
				5A8166640EA117BB00962CF2 /* BinTree3Main.h */,
				5A8166650EA117BB00962CF2 /* BinTree3Z.h */,
				5A8166660EA117BB00962CF2 /* BinTree3ZMain.h */,
				5A8166670EA117BB00962CF2 /* BinTree4.h */,
				5A8166680EA117BB00962CF2 /* BinTree4b.h */,
				5A8166690EA117BB00962CF2 /* BinTree4bMain.h */,
				5A81666A0EA117BB00962CF2 /* BinTree4Main.h */,
				5A81666B0EA117BB00962CF2 /* BinTreeMain.h */,
				5A81666C0EA117BB00962CF2 /* BinTreeMF.h */,
				5A81666D0EA117BB00962CF2 /* BinTreeMFMain.h */,
				5A81666E0EA117BB00962CF2 /* BitTreeCoder.h */,
				5A81666F0EA117BB00962CF2 /* Const.h */,
				5A8166700EA117BB00962CF2 /* CRC.cc */,
				5A8166710EA117BB00962CF2 /* CRC.h */,
				5A8166720EA117BB00962CF2 /* DeflateDecoder.cc */,
				5A8166730EA117BB00962CF2 /* DeflateDecoder.h */,
				5A8166740EA117BB00962CF2 /* DeflateEncoder.cc */,
				5A8166750EA117BB00962CF2 /* DeflateEncoder.h */,
				5A8166760EA117BB00962CF2 /* HuffmanDecoder.h */,
				5A8166770EA117BB00962CF2 /* HuffmanEncoder.cc */,
				5A8166780EA117BB00962CF2 /* HuffmanEncoder.h */,
				5A8166790EA117BB00962CF2 /* IInOutStreams.cc */,
				5A81667A0EA117BB00962CF2 /* IInOutStreams.h */,
				5A81667B0EA117BB00962CF2 /* InByte.cc */,
				5A81667C0EA117BB00962CF2 /* InByte.h */,
				5A81667D0EA117BB00962CF2 /* LenCoder.cc */,
				5A81667E0EA117BB00962CF2 /* LenCoder.h */,
				5A81667F0EA117BB00962CF2 /* LiteralCoder.cc */,
				5A8166800EA117BB00962CF2 /* LiteralCoder.h */,
				5A8166810EA117BB00962CF2 /* LSBFDecoder.cc */,
				5A8166820EA117BB00962CF2 /* LSBFDecoder.h */,
				5A8166830EA117BB00962CF2 /* LSBFEncoder.cc */,
				5A8166840EA117BB00962CF2 /* LSBFEncoder.h */,
				5A8166850EA117BB00962CF2 /* LZMA.cc */,
				5A8166860EA117BB00962CF2 /* LZMA.h */,
				5A8166870EA117BB00962CF2 /* LZMADecoder.cc */,
				5A8166880EA117BB00962CF2 /* LZMADecoder.h */,
				5A8166890EA117BB00962CF2 /* LZMAEncoder.cc */,
				5A81668A0EA117BB00962CF2 /* LZMAEncoder.h */,
				5A81668B0EA117BB00962CF2 /* OutByte.cc */,
				5A81668C0EA117BB00962CF2 /* OutByte.h */,
				5A81668E0EA117BB00962CF2 /* RangeCoder.h */,
				5A81668F0EA117BB00962CF2 /* RCDefs.h */,
				5A8166910EA117BB00962CF2 /* WindowIn.cc */,
				5A8166920EA117BB00962CF2 /* WindowIn.h */,
				5A8166930EA117BB00962CF2 /* WindowOut.cc */,
				5A8166940EA117BB00962CF2 /* WindowOut.h */,
			);
			path = 7z;
			sourceTree = SOURCE_ROOT;
		};
		5AE3081A214E948500F8D489 /* Frameworks */ = {
			isa = PBXGroup;
			children = (
			);
			name = Frameworks;
			sourceTree = "<group>";
		};
/* End PBXGroup section */

/* Begin PBXLegacyTarget section */
		5A984B2111238282007622D7 /* download */ = {
			isa = PBXLegacyTarget;
			buildArgumentsString = "$(ACTION)";
			buildConfigurationList = 5A984B281123828B007622D7 /* Build configuration list for PBXLegacyTarget "download" */;
			buildPhases = (
			);
			buildToolPath = /usr/bin/make;
			dependencies = (
			);
			name = download;
			passBuildSettingsInEnvironment = 1;
			productName = download;
		};
/* End PBXLegacyTarget section */

/* Begin PBXNativeTarget section */
		8DD76FA90486AB0100D96B5E /* advpng */ = {
			isa = PBXNativeTarget;
			buildConfigurationList = 1DEB928508733DD80010E9CD /* Build configuration list for PBXNativeTarget "advpng" */;
			buildPhases = (
				8DD76FAB0486AB0100D96B5E /* Sources */,
				8DD76FAD0486AB0100D96B5E /* Frameworks */,
			);
			buildRules = (
			);
			dependencies = (
				5F3908052189D0900068035B /* PBXTargetDependency */,
				5A984B141123821A007622D7 /* PBXTargetDependency */,
				5A984B2C112382B4007622D7 /* PBXTargetDependency */,
			);
			name = advpng;
			productInstallPath = "$(HOME)/bin";
			productName = advpng;
			productReference = 8DD76FB20486AB0100D96B5E /* advpng */;
			productType = "com.apple.product-type.tool";
		};
/* End PBXNativeTarget section */

/* Begin PBXProject section */
		08FB7793FE84155DC02AAC07 /* Project object */ = {
			isa = PBXProject;
			attributes = {
				BuildIndependentTargetsInParallel = YES;
				LastUpgradeCheck = 1310;
			};
			buildConfigurationList = 1DEB928908733DD80010E9CD /* Build configuration list for PBXProject "advpng" */;
			compatibilityVersion = "Xcode 3.2";
			developmentRegion = English;
			hasScannedForEncodings = 1;
			knownRegions = (
				English,
				Japanese,
				French,
				German,
			);
			mainGroup = 08FB7794FE84155DC02AAC07 /* advpng */;
			projectDirPath = "";
			projectReferences = (
				{
					ProductGroup = 5A7439C4111DA4EF001C2D27 /* Products */;
					ProjectRef = 5A19439E0FF982D4007C3324 /* libpng.xcodeproj */;
				},
			);
			projectRoot = "";
			targets = (
				8DD76FA90486AB0100D96B5E /* advpng */,
				5A984B2111238282007622D7 /* download */,
			);
		};
/* End PBXProject section */

/* Begin PBXReferenceProxy section */
		5A05264013D8DABD00BA0213 /* libstatic.a */ = {
			isa = PBXReferenceProxy;
			fileType = archive.ar;
			path = libstatic.a;
			remoteRef = 5A05263F13D8DABD00BA0213 /* PBXContainerItemProxy */;
			sourceTree = BUILT_PRODUCTS_DIR;
		};
		5A7439C8111DA4EF001C2D27 /* liblibpng.dylib */ = {
			isa = PBXReferenceProxy;
			fileType = "compiled.mach-o.dylib";
			path = liblibpng.dylib;
			remoteRef = 5A7439C7111DA4EF001C2D27 /* PBXContainerItemProxy */;
			sourceTree = BUILT_PRODUCTS_DIR;
		};
/* End PBXReferenceProxy section */

/* Begin PBXSourcesBuildPhase section */
		8DD76FAB0486AB0100D96B5E /* Sources */ = {
			isa = PBXSourcesBuildPhase;
			buildActionMask = 2147483647;
			files = (
				5A8166950EA117BB00962CF2 /* 7zdeflate.cc in Sources */,
				5A8166960EA117BB00962CF2 /* 7zlzma.cc in Sources */,
				5A8166970EA117BB00962CF2 /* AriBitCoder.cc in Sources */,
				5A8166390EA117B100962CF2 /* compress.cc in Sources */,
				5A8166980EA117BB00962CF2 /* CRC.cc in Sources */,
				5A81663A0EA117B100962CF2 /* data.cc in Sources */,
				5A8166990EA117BB00962CF2 /* DeflateDecoder.cc in Sources */,
				5A81669A0EA117BB00962CF2 /* DeflateEncoder.cc in Sources */,
				5A8166530EA117B600962CF2 /* error.c in Sources */,
				5A8166380EA117B100962CF2 /* file.cc in Sources */,
				5A4DC4331029FFB700A9DD55 /* fz.c in Sources */,
				5A81663B0EA117B100962CF2 /* getopt.c in Sources */,
				5A81669B0EA117BB00962CF2 /* HuffmanEncoder.cc in Sources */,
				5A81669C0EA117BB00962CF2 /* IInOutStreams.cc in Sources */,
				5A81669D0EA117BB00962CF2 /* InByte.cc in Sources */,
				5A81669E0EA117BB00962CF2 /* LenCoder.cc in Sources */,
				5A81669F0EA117BB00962CF2 /* LiteralCoder.cc in Sources */,
				5A8166A00EA117BB00962CF2 /* LSBFDecoder.cc in Sources */,
				5A8166A10EA117BB00962CF2 /* LSBFEncoder.cc in Sources */,
				5A8166A20EA117BB00962CF2 /* LZMA.cc in Sources */,
				5A8166A30EA117BB00962CF2 /* LZMADecoder.cc in Sources */,
				5A8166A40EA117BB00962CF2 /* LZMAEncoder.cc in Sources */,
				5A8166A50EA117BB00962CF2 /* OutByte.cc in Sources */,
				5A8166560EA117B600962CF2 /* png.c in Sources */,
				5A81663C0EA117B100962CF2 /* pngex.cc in Sources */,
				5A8166360EA117B100962CF2 /* repng.cc in Sources */,
				5A8166370EA117B100962CF2 /* siglock.cc in Sources */,
				5A81663E0EA117B100962CF2 /* snprintf.c in Sources */,
				DB716F751853E13D00AA7771 /* snstring.c in Sources */,
				5A8166A60EA117BB00962CF2 /* WindowIn.cc in Sources */,
				5A8166A70EA117BB00962CF2 /* WindowOut.cc in Sources */,
			);
			runOnlyForDeploymentPostprocessing = 0;
		};
/* End PBXSourcesBuildPhase section */

/* Begin PBXTargetDependency section */
		5A984B141123821A007622D7 /* PBXTargetDependency */ = {
			isa = PBXTargetDependency;
			name = libpng;
			targetProxy = 5A984B131123821A007622D7 /* PBXContainerItemProxy */;
		};
		5A984B2C112382B4007622D7 /* PBXTargetDependency */ = {
			isa = PBXTargetDependency;
			target = 5A984B2111238282007622D7 /* download */;
			targetProxy = 5A984B2B112382B4007622D7 /* PBXContainerItemProxy */;
		};
		5F3908052189D0900068035B /* PBXTargetDependency */ = {
			isa = PBXTargetDependency;
			name = static;
			targetProxy = 5F3908042189D0900068035B /* PBXContainerItemProxy */;
		};
/* End PBXTargetDependency section */

/* Begin XCBuildConfiguration section */
		1DEB928608733DD80010E9CD /* Debug */ = {
			isa = XCBuildConfiguration;
			buildSettings = {
				GCC_DYNAMIC_NO_PIC = NO;
				PRODUCT_NAME = advpng;
				SKIP_INSTALL = YES;
			};
			name = Debug;
		};
		1DEB928708733DD80010E9CD /* Release */ = {
			isa = XCBuildConfiguration;
			buildSettings = {
				PRODUCT_NAME = advpng;
				SKIP_INSTALL = YES;
			};
			name = Release;
		};
		1DEB928A08733DD80010E9CD /* Debug */ = {
			isa = XCBuildConfiguration;
			baseConfigurationReference = 5A27BA03139B08A00095FC2F /* debug.xcconfig */;
			buildSettings = {
				ENABLE_TESTABILITY = YES;
				GCC_C_LANGUAGE_STANDARD = gnu99;
				GCC_ENABLE_CPP_EXCEPTIONS = YES;
				GCC_ENABLE_CPP_RTTI = NO;
				GCC_ENABLE_OBJC_EXCEPTIONS = NO;
				GCC_ENABLE_SUPPLEMENTAL_SSE3_INSTRUCTIONS = YES;
				GCC_INLINES_ARE_PRIVATE_EXTERN = NO;
				GCC_OBJC_CALL_CXX_CDTORS = NO;
				GCC_PREPROCESSOR_DEFINITIONS = (
					HAVE_CONFIG_H,
					USE_ERROR_SILENT,
				);
				GCC_SYMBOLS_PRIVATE_EXTERN = NO;
				GCC_THREADSAFE_STATICS = NO;
				GCC_TREAT_IMPLICIT_FUNCTION_DECLARATIONS_AS_ERRORS = NO;
				GCC_WARN_64_TO_32_BIT_CONVERSION = NO;
				GCC_WARN_ABOUT_MISSING_PROTOTYPES = NO;
				GCC_WARN_ABOUT_RETURN_TYPE = YES;
				GCC_WARN_ALLOW_INCOMPLETE_PROTOCOL = NO;
				GCC_WARN_SIGN_COMPARE = NO;
				GCC_WARN_UNINITIALIZED_AUTOS = NO;
				HEADER_SEARCH_PATHS = (
					"$(inherited)",
					"$(SRCROOT)/",
				);
				ONLY_ACTIVE_ARCH = YES;
				PRECOMPS_INCLUDE_HEADERS_FROM_BUILT_PRODUCTS_DIR = NO;
			};
			name = Debug;
		};
		1DEB928B08733DD80010E9CD /* Release */ = {
			isa = XCBuildConfiguration;
			baseConfigurationReference = 5A27BA02139B08A00095FC2F /* release.xcconfig */;
			buildSettings = {
				GCC_PREPROCESSOR_DEFINITIONS = (
					HAVE_CONFIG_H,
					NDEBUG,
					USE_ERROR_SILENT,
				);
				HEADER_SEARCH_PATHS = (
					"$(inherited)",
					"$(SRCROOT)/",
				);
			};
			name = Release;
		};
		5A984B2211238282007622D7 /* Debug */ = {
			isa = XCBuildConfiguration;
			buildSettings = {
				PRODUCT_NAME = download;
				SDKROOT = macosx;
			};
			name = Debug;
		};
		5A984B2311238282007622D7 /* Release */ = {
			isa = XCBuildConfiguration;
			buildSettings = {
				COPY_PHASE_STRIP = YES;
				PRODUCT_NAME = download;
				SDKROOT = macosx;
			};
			name = Release;
		};
/* End XCBuildConfiguration section */

/* Begin XCConfigurationList section */
		1DEB928508733DD80010E9CD /* Build configuration list for PBXNativeTarget "advpng" */ = {
			isa = XCConfigurationList;
			buildConfigurations = (
				1DEB928608733DD80010E9CD /* Debug */,
				1DEB928708733DD80010E9CD /* Release */,
			);
			defaultConfigurationIsVisible = 0;
			defaultConfigurationName = Release;
		};
		1DEB928908733DD80010E9CD /* Build configuration list for PBXProject "advpng" */ = {
			isa = XCConfigurationList;
			buildConfigurations = (
				1DEB928A08733DD80010E9CD /* Debug */,
				1DEB928B08733DD80010E9CD /* Release */,
			);
			defaultConfigurationIsVisible = 0;
			defaultConfigurationName = Release;
		};
		5A984B281123828B007622D7 /* Build configuration list for PBXLegacyTarget "download" */ = {
			isa = XCConfigurationList;
			buildConfigurations = (
				5A984B2211238282007622D7 /* Debug */,
				5A984B2311238282007622D7 /* Release */,
			);
			defaultConfigurationIsVisible = 0;
			defaultConfigurationName = Release;
		};
/* End XCConfigurationList section */
	};
	rootObject = 08FB7793FE84155DC02AAC07 /* Project object */;
}
